Microsoft Visual Studio Solution File, Format Version 10.00
# Visual Studio 2008
Project("{8BC9CEB8-8B4A-11D0-8D11-00A0C91BC942}") = "timep", "timep.vcproj", "{0BC6F1B5-9916-4CE6-99BB-0F28ADA8570A}"
EndProject
Global
	GlobalSection(SolutionConfigurationPlatforms) = preSolution
		Debug|Win32 = Debug|Win32
		Release|Win32 = Release|Win32
	EndGlobalSection
	GlobalSection(ProjectConfigurationPlatforms) = postSolution
		{0BC6F1B5-9916-4CE6-99BB-0F28ADA8570A}.Debug|Win32.ActiveCfg = Debug|Win32
		{0BC6F1B5-9916-4CE6-99BB-0F28ADA8570A}.Debug|Win32.Build.0 = Debug|Win32
		{0BC6F1B5-9916-4CE6-99BB-0F28ADA8570A}.Release|Win32.ActiveCfg = Release|Win32
		{0BC6F1B5-9916-4CE6-99BB-0F28ADA8570A}.Release|Win32.Build.0 = Release|Win32
	EndGlobalSection
	GlobalSection(SolutionProperties) = preSolution
		HideSolutionNode = FALSE
	EndGlobalSection
EndGlobal
