Microsoft Visual Studio Solution File, Format Version 10.00
# Visual Studio 2008
Project("{8BC9CEB8-8B4A-11D0-8D11-00A0C91BC942}") = "cci_fMMDll", "cci_fMMDll.vcproj", "{E978C0DF-6984-4045-80F7-96196D321A8A}"
EndProject
Global
	GlobalSection(SolutionConfigurationPlatforms) = preSolution
		Debug|Win32 = Debug|Win32
		Release|Win32 = Release|Win32
	EndGlobalSection
	GlobalSection(ProjectConfigurationPlatforms) = postSolution
		{E978C0DF-6984-4045-80F7-96196D321A8A}.Debug|Win32.ActiveCfg = Debug|Win32
		{E978C0DF-6984-4045-80F7-96196D321A8A}.Debug|Win32.Build.0 = Debug|Win32
		{E978C0DF-6984-4045-80F7-96196D321A8A}.Release|Win32.ActiveCfg = Release|Win32
		{E978C0DF-6984-4045-80F7-96196D321A8A}.Release|Win32.Build.0 = Release|Win32
	EndGlobalSection
	GlobalSection(SolutionProperties) = preSolution
		HideSolutionNode = FALSE
	EndGlobalSection
EndGlobal
