
Microsoft Visual Studio Solution File, Format Version 9.00
# Visual Studio 2005
Project("{8BC9CEB8-8B4A-11D0-8D11-00A0C91BC942}") = "Utility_4_0", "Utility_4_0.vcproj", "{3E42E30A-1700-49E4-AFF7-53A4A92F389C}"
EndProject
Global
	GlobalSection(SolutionConfigurationPlatforms) = preSolution
		Debug|Win32 = Debug|Win32
		Release|Win32 = Release|Win32
	EndGlobalSection
	GlobalSection(ProjectConfigurationPlatforms) = postSolution
		{3E42E30A-1700-49E4-AFF7-53A4A92F389C}.Debug|Win32.ActiveCfg = Release|Win32
		{3E42E30A-1700-49E4-AFF7-53A4A92F389C}.Debug|Win32.Build.0 = Release|Win32
		{3E42E30A-1700-49E4-AFF7-53A4A92F389C}.Release|Win32.ActiveCfg = Release|Win32
		{3E42E30A-1700-49E4-AFF7-53A4A92F389C}.Release|Win32.Build.0 = Release|Win32
	EndGlobalSection
	GlobalSection(SolutionProperties) = preSolution
		HideSolutionNode = FALSE
	EndGlobalSection
EndGlobal
