Microsoft Visual Studio Solution File, Format Version 10.00
# Visual Studio 2008
Project("{8BC9CEB8-8B4A-11D0-8D11-00A0C91BC942}") = "SendReceiveSKST_DLL", "SendReceiveSKST_DLL.vcproj", "{3B179ABC-7442-46B9-BD78-9EF07AC67655}"
EndProject
Global
	GlobalSection(SolutionConfigurationPlatforms) = preSolution
		Debug|Win32 = Debug|Win32
		Debug|x64 = Debug|x64
		Release|Win32 = Release|Win32
		Release|x64 = Release|x64
	EndGlobalSection
	GlobalSection(ProjectConfigurationPlatforms) = postSolution
		{3B179ABC-7442-46B9-BD78-9EF07AC67655}.Debug|Win32.ActiveCfg = Release|Win32
		{3B179ABC-7442-46B9-BD78-9EF07AC67655}.Debug|Win32.Build.0 = Release|Win32
		{3B179ABC-7442-46B9-BD78-9EF07AC67655}.Debug|x64.ActiveCfg = Debug|x64
		{3B179ABC-7442-46B9-BD78-9EF07AC67655}.Debug|x64.Build.0 = Debug|x64
		{3B179ABC-7442-46B9-BD78-9EF07AC67655}.Release|Win32.ActiveCfg = Release|Win32
		{3B179ABC-7442-46B9-BD78-9EF07AC67655}.Release|Win32.Build.0 = Release|Win32
		{3B179ABC-7442-46B9-BD78-9EF07AC67655}.Release|x64.ActiveCfg = Release|x64
		{3B179ABC-7442-46B9-BD78-9EF07AC67655}.Release|x64.Build.0 = Release|x64
	EndGlobalSection
	GlobalSection(SolutionProperties) = preSolution
		HideSolutionNode = FALSE
	EndGlobalSection
EndGlobal
