Microsoft Visual Studio Solution File, Format Version 9.00
# Visual Studio 2005
Project("{8BC9CEB8-8B4A-11D0-8D11-00A0C91BC942}") = "cciMM", "cciMM.vcproj", "{C7D841CB-B38C-4C12-8493-E6F53793386F}"
	ProjectSection(WebsiteProperties) = preProject
		Debug.AspNetCompiler.Debug = "True"
		Release.AspNetCompiler.Debug = "False"
	EndProjectSection
EndProject
Global
	GlobalSection(SolutionConfigurationPlatforms) = preSolution
		Debug|Win32 = Debug|Win32
		Release|Win32 = Release|Win32
	EndGlobalSection
	GlobalSection(ProjectConfigurationPlatforms) = postSolution
		{C7D841CB-B38C-4C12-8493-E6F53793386F}.Debug|Win32.ActiveCfg = Release|Win32
		{C7D841CB-B38C-4C12-8493-E6F53793386F}.Debug|Win32.Build.0 = Release|Win32
		{C7D841CB-B38C-4C12-8493-E6F53793386F}.Release|Win32.ActiveCfg = Release|Win32
		{C7D841CB-B38C-4C12-8493-E6F53793386F}.Release|Win32.Build.0 = Release|Win32
	EndGlobalSection
	GlobalSection(SolutionProperties) = preSolution
		HideSolutionNode = FALSE
	EndGlobalSection
EndGlobal
