
Microsoft Visual Studio Solution File, Format Version 12.00
# Visual Studio Version 17
VisualStudioVersion = 17.5.33516.290
MinimumVisualStudioVersion = 10.0.40219.1
Project("{2150E333-8FDC-42A3-9474-1A3956D46DE8}") = "Chapter01", "Chapter01", "{2ACA7FC9-2A26-4C90-9ACA-B48CE3669C1C}"
EndProject
Project("{8BC9CEB8-8B4A-11D0-8D11-00A0C91BC942}") = "cpC", "CHAPTR01\cpC\cpC.vcxproj", "{2DA1E9F9-F525-45D0-8A86-C98910CDC2B3}"
EndProject
Project("{8BC9CEB8-8B4A-11D0-8D11-00A0C91BC942}") = "cpCF", "CHAPTR01\cpCF\cpCF.vcxproj", "{26D27DE8-55ED-4500-AD83-463E45095CD2}"
EndProject
Project("{8BC9CEB8-8B4A-11D0-8D11-00A0C91BC942}") = "cpU", "CHAPTR01\cpU\cpU.vcxproj", "{98BEF206-77FB-4283-94B3-FA655FFED108}"
EndProject
Project("{8BC9CEB8-8B4A-11D0-8D11-00A0C91BC942}") = "cpW", "CHAPTR01\cpW\cpW.vcxproj", "{CD4D2BFF-3957-42E6-8DA1-60CA299CF532}"
EndProject
Project("{8BC9CEB8-8B4A-11D0-8D11-00A0C91BC942}") = "cpwFA", "CHAPTR01\cpwFA\cpwFA.vcxproj", "{11ACB2F5-7C53-4CB8-BCE8-7E02962D4B49}"
EndProject
Project("{8BC9CEB8-8B4A-11D0-8D11-00A0C91BC942}") = "cpUC", "CHAPTR01\cpUC\cpUC.vcxproj", "{A771D7BC-5CA3-451E-8963-B6DAA5F6A978}"
EndProject
Project("{2150E333-8FDC-42A3-9474-1A3956D46DE8}") = "Chapter02", "Chapter02", "{145DFEE6-3AE4-4822-8141-D8A189C4BA29}"
EndProject
Project("{8BC9CEB8-8B4A-11D0-8D11-00A0C91BC942}") = "Cat", "CHAPTR02\Cat\Cat.vcxproj", "{3D2CA768-D04F-404E-9A01-C7FBFBAB9318}"
EndProject
Global
	GlobalSection(SolutionConfigurationPlatforms) = preSolution
		Debug|x64 = Debug|x64
		Debug|x86 = Debug|x86
		Release|x64 = Release|x64
		Release|x86 = Release|x86
	EndGlobalSection
	GlobalSection(ProjectConfigurationPlatforms) = postSolution
		{2DA1E9F9-F525-45D0-8A86-C98910CDC2B3}.Debug|x64.ActiveCfg = Debug|x64
		{2DA1E9F9-F525-45D0-8A86-C98910CDC2B3}.Debug|x64.Build.0 = Debug|x64
		{2DA1E9F9-F525-45D0-8A86-C98910CDC2B3}.Debug|x86.ActiveCfg = Debug|Win32
		{2DA1E9F9-F525-45D0-8A86-C98910CDC2B3}.Debug|x86.Build.0 = Debug|Win32
		{2DA1E9F9-F525-45D0-8A86-C98910CDC2B3}.Release|x64.ActiveCfg = Release|x64
		{2DA1E9F9-F525-45D0-8A86-C98910CDC2B3}.Release|x64.Build.0 = Release|x64
		{2DA1E9F9-F525-45D0-8A86-C98910CDC2B3}.Release|x86.ActiveCfg = Release|Win32
		{2DA1E9F9-F525-45D0-8A86-C98910CDC2B3}.Release|x86.Build.0 = Release|Win32
		{26D27DE8-55ED-4500-AD83-463E45095CD2}.Debug|x64.ActiveCfg = Debug|x64
		{26D27DE8-55ED-4500-AD83-463E45095CD2}.Debug|x64.Build.0 = Debug|x64
		{26D27DE8-55ED-4500-AD83-463E45095CD2}.Debug|x86.ActiveCfg = Debug|Win32
		{26D27DE8-55ED-4500-AD83-463E45095CD2}.Debug|x86.Build.0 = Debug|Win32
		{26D27DE8-55ED-4500-AD83-463E45095CD2}.Release|x64.ActiveCfg = Release|x64
		{26D27DE8-55ED-4500-AD83-463E45095CD2}.Release|x64.Build.0 = Release|x64
		{26D27DE8-55ED-4500-AD83-463E45095CD2}.Release|x86.ActiveCfg = Release|Win32
		{26D27DE8-55ED-4500-AD83-463E45095CD2}.Release|x86.Build.0 = Release|Win32
		{98BEF206-77FB-4283-94B3-FA655FFED108}.Debug|x64.ActiveCfg = Debug|x64
		{98BEF206-77FB-4283-94B3-FA655FFED108}.Debug|x64.Build.0 = Debug|x64
		{98BEF206-77FB-4283-94B3-FA655FFED108}.Debug|x86.ActiveCfg = Debug|Win32
		{98BEF206-77FB-4283-94B3-FA655FFED108}.Debug|x86.Build.0 = Debug|Win32
		{98BEF206-77FB-4283-94B3-FA655FFED108}.Release|x64.ActiveCfg = Release|x64
		{98BEF206-77FB-4283-94B3-FA655FFED108}.Release|x64.Build.0 = Release|x64
		{98BEF206-77FB-4283-94B3-FA655FFED108}.Release|x86.ActiveCfg = Release|Win32
		{98BEF206-77FB-4283-94B3-FA655FFED108}.Release|x86.Build.0 = Release|Win32
		{CD4D2BFF-3957-42E6-8DA1-60CA299CF532}.Debug|x64.ActiveCfg = Debug|x64
		{CD4D2BFF-3957-42E6-8DA1-60CA299CF532}.Debug|x64.Build.0 = Debug|x64
		{CD4D2BFF-3957-42E6-8DA1-60CA299CF532}.Debug|x86.ActiveCfg = Debug|Win32
		{CD4D2BFF-3957-42E6-8DA1-60CA299CF532}.Debug|x86.Build.0 = Debug|Win32
		{CD4D2BFF-3957-42E6-8DA1-60CA299CF532}.Release|x64.ActiveCfg = Release|x64
		{CD4D2BFF-3957-42E6-8DA1-60CA299CF532}.Release|x64.Build.0 = Release|x64
		{CD4D2BFF-3957-42E6-8DA1-60CA299CF532}.Release|x86.ActiveCfg = Release|Win32
		{CD4D2BFF-3957-42E6-8DA1-60CA299CF532}.Release|x86.Build.0 = Release|Win32
		{11ACB2F5-7C53-4CB8-BCE8-7E02962D4B49}.Debug|x64.ActiveCfg = Debug|x64
		{11ACB2F5-7C53-4CB8-BCE8-7E02962D4B49}.Debug|x64.Build.0 = Debug|x64
		{11ACB2F5-7C53-4CB8-BCE8-7E02962D4B49}.Debug|x86.ActiveCfg = Debug|Win32
		{11ACB2F5-7C53-4CB8-BCE8-7E02962D4B49}.Debug|x86.Build.0 = Debug|Win32
		{11ACB2F5-7C53-4CB8-BCE8-7E02962D4B49}.Release|x64.ActiveCfg = Release|x64
		{11ACB2F5-7C53-4CB8-BCE8-7E02962D4B49}.Release|x64.Build.0 = Release|x64
		{11ACB2F5-7C53-4CB8-BCE8-7E02962D4B49}.Release|x86.ActiveCfg = Release|Win32
		{11ACB2F5-7C53-4CB8-BCE8-7E02962D4B49}.Release|x86.Build.0 = Release|Win32
		{A771D7BC-5CA3-451E-8963-B6DAA5F6A978}.Debug|x64.ActiveCfg = Debug|x64
		{A771D7BC-5CA3-451E-8963-B6DAA5F6A978}.Debug|x64.Build.0 = Debug|x64
		{A771D7BC-5CA3-451E-8963-B6DAA5F6A978}.Debug|x86.ActiveCfg = Debug|Win32
		{A771D7BC-5CA3-451E-8963-B6DAA5F6A978}.Debug|x86.Build.0 = Debug|Win32
		{A771D7BC-5CA3-451E-8963-B6DAA5F6A978}.Release|x64.ActiveCfg = Release|x64
		{A771D7BC-5CA3-451E-8963-B6DAA5F6A978}.Release|x64.Build.0 = Release|x64
		{A771D7BC-5CA3-451E-8963-B6DAA5F6A978}.Release|x86.ActiveCfg = Release|Win32
		{A771D7BC-5CA3-451E-8963-B6DAA5F6A978}.Release|x86.Build.0 = Release|Win32
		{3D2CA768-D04F-404E-9A01-C7FBFBAB9318}.Debug|x64.ActiveCfg = Debug|x64
		{3D2CA768-D04F-404E-9A01-C7FBFBAB9318}.Debug|x64.Build.0 = Debug|x64
		{3D2CA768-D04F-404E-9A01-C7FBFBAB9318}.Debug|x86.ActiveCfg = Debug|Win32
		{3D2CA768-D04F-404E-9A01-C7FBFBAB9318}.Debug|x86.Build.0 = Debug|Win32
		{3D2CA768-D04F-404E-9A01-C7FBFBAB9318}.Release|x64.ActiveCfg = Release|x64
		{3D2CA768-D04F-404E-9A01-C7FBFBAB9318}.Release|x64.Build.0 = Release|x64
		{3D2CA768-D04F-404E-9A01-C7FBFBAB9318}.Release|x86.ActiveCfg = Release|Win32
		{3D2CA768-D04F-404E-9A01-C7FBFBAB9318}.Release|x86.Build.0 = Release|Win32
	EndGlobalSection
	GlobalSection(SolutionProperties) = preSolution
		HideSolutionNode = FALSE
	EndGlobalSection
	GlobalSection(NestedProjects) = preSolution
		{2DA1E9F9-F525-45D0-8A86-C98910CDC2B3} = {2ACA7FC9-2A26-4C90-9ACA-B48CE3669C1C}
		{26D27DE8-55ED-4500-AD83-463E45095CD2} = {2ACA7FC9-2A26-4C90-9ACA-B48CE3669C1C}
		{98BEF206-77FB-4283-94B3-FA655FFED108} = {2ACA7FC9-2A26-4C90-9ACA-B48CE3669C1C}
		{CD4D2BFF-3957-42E6-8DA1-60CA299CF532} = {2ACA7FC9-2A26-4C90-9ACA-B48CE3669C1C}
		{11ACB2F5-7C53-4CB8-BCE8-7E02962D4B49} = {2ACA7FC9-2A26-4C90-9ACA-B48CE3669C1C}
		{A771D7BC-5CA3-451E-8963-B6DAA5F6A978} = {2ACA7FC9-2A26-4C90-9ACA-B48CE3669C1C}
		{3D2CA768-D04F-404E-9A01-C7FBFBAB9318} = {145DFEE6-3AE4-4822-8141-D8A189C4BA29}
	EndGlobalSection
	GlobalSection(ExtensibilityGlobals) = postSolution
		SolutionGuid = {ACF404E0-92BF-48BE-9C61-C919977D735E}
	EndGlobalSection
EndGlobal
