
Microsoft Visual Studio Solution File, Format Version 12.00
# Visual Studio Version 17
VisualStudioVersion = 17.5.33516.290
MinimumVisualStudioVersion = 10.0.40219.1
Project("{2150E333-8FDC-42A3-9474-1A3956D46DE8}") = "Chapter01", "Chapter01", "{2ACA7FC9-2A26-4C90-9ACA-B48CE3669C1C}"
EndProject
Project("{8BC9CEB8-8B4A-11D0-8D11-00A0C91BC942}") = "cpC", "CHAPTR01\cpC\cpC.vcxproj", "{2DA1E9F9-F525-45D0-8A86-C98910CDC2B3}"
EndProject
Project("{8BC9CEB8-8B4A-11D0-8D11-00A0C91BC942}") = "cpCF", "CHAPTR01\cpCF\cpCF.vcxproj", "{26D27DE8-55ED-4500-AD83-463E45095CD2}"
EndProject
Project("{8BC9CEB8-8B4A-11D0-8D11-00A0C91BC942}") = "cpU", "CHAPTR01\cpU\cpU.vcxproj", "{98BEF206-77FB-4283-94B3-FA655FFED108}"
EndProject
Project("{8BC9CEB8-8B4A-11D0-8D11-00A0C91BC942}") = "cpW", "CHAPTR01\cpW\cpW.vcxproj", "{CD4D2BFF-3957-42E6-8DA1-60CA299CF532}"
EndProject
Project("{8BC9CEB8-8B4A-11D0-8D11-00A0C91BC942}") = "cpwFA", "CHAPTR01\cpwFA\cpwFA.vcxproj", "{11ACB2F5-7C53-4CB8-BCE8-7E02962D4B49}"
EndProject
Project("{8BC9CEB8-8B4A-11D0-8D11-00A0C91BC942}") = "cpUC", "CHAPTR01\cpUC\cpUC.vcxproj", "{A771D7BC-5CA3-451E-8963-B6DAA5F6A978}"
EndProject
Project("{2150E333-8FDC-42A3-9474-1A3956D46DE8}") = "Chapter02", "Chapter02", "{145DFEE6-3AE4-4822-8141-D8A189C4BA29}"
EndProject
Project("{8BC9CEB8-8B4A-11D0-8D11-00A0C91BC942}") = "Cat", "CHAPTR02\Cat\Cat.vcxproj", "{3D2CA768-D04F-404E-9A01-C7FBFBAB9318}"
EndProject
Project("{8BC9CEB8-8B4A-11D0-8D11-00A0C91BC942}") = "cci", "CHAPTR02\cci\cci.vcxproj", "{BEA39BFA-DC43-407C-B333-D00D433CA377}"
EndProject
Project("{8BC9CEB8-8B4A-11D0-8D11-00A0C91BC942}") = "CD", "CHAPTR02\CD\CD.vcxproj", "{DE269272-9D68-4D99-9CEA-7556BEF28308}"
EndProject
Project("{8BC9CEB8-8B4A-11D0-8D11-00A0C91BC942}") = "PWD", "CHAPTR02\PWD\PWD.vcxproj", "{E4A612E7-4757-4579-A146-3FCC6199AA8E}"
EndProject
Project("{8BC9CEB8-8B4A-11D0-8D11-00A0C91BC942}") = "PWDA", "CHAPTR02\PWDA\PWDA.vcxproj", "{73DE0F0D-1C00-4F8E-B5AF-EEEE4F75A5C4}"
EndProject
Project("{8BC9CEB8-8B4A-11D0-8D11-00A0C91BC942}") = "cci_fFA", "CHAPTR02\cci_fFA\cci_fFA.vcxproj", "{D0D609A0-4E75-4C82-9BD1-9C7F01892996}"
EndProject
Project("{2150E333-8FDC-42A3-9474-1A3956D46DE8}") = "Chapter03", "Chapter03", "{76E2BF73-9882-4B4F-91EB-535F78A87954}"
EndProject
Project("{8BC9CEB8-8B4A-11D0-8D11-00A0C91BC942}") = "FreeSpace", "CHAPTR03\FreeSpace\FreeSpace.vcxproj", "{8F7D4B92-0127-4DCB-AFF7-8A874FB59F7D}"
EndProject
Project("{8BC9CEB8-8B4A-11D0-8D11-00A0C91BC942}") = "GETN", "CHAPTR03\GETN\GETN.vcxproj", "{F48EDF87-FDB5-40F5-9352-23D18800FFDB}"
EndProject
Project("{8BC9CEB8-8B4A-11D0-8D11-00A0C91BC942}") = "LsREG", "CHAPTR03\LsREG\LsREG.vcxproj", "{8007623B-E049-4825-AB2F-5A285E92CFCD}"
EndProject
Project("{8BC9CEB8-8B4A-11D0-8D11-00A0C91BC942}") = "lsW", "CHAPTR03\lsW\lsW.vcxproj", "{3B766678-0E81-48EE-8B14-1C55D9E360E3}"
EndProject
Project("{8BC9CEB8-8B4A-11D0-8D11-00A0C91BC942}") = "RecordAccess", "CHAPTR03\RecordAccess\RecordAccess.vcxproj", "{4C0907EC-D278-4E7D-8182-1666996CEE09}"
EndProject
Project("{8BC9CEB8-8B4A-11D0-8D11-00A0C91BC942}") = "RecordAccessTestDataGenerate", "CHAPTR03\RecordAccessTestDataGenerate\RecordAccessTestDataGenerate.vcxproj", "{01B4E026-F695-4A13-BCF6-D20233C5A222}"
EndProject
Project("{8BC9CEB8-8B4A-11D0-8D11-00A0C91BC942}") = "TAIL", "CHAPTR03\TAIL\TAIL.vcxproj", "{3DDCCEBA-7845-4EED-B12A-12731C0BD103}"
EndProject
Project("{8BC9CEB8-8B4A-11D0-8D11-00A0C91BC942}") = "TestLock", "CHAPTR03\TestLock\TestLock.vcxproj", "{4C3018B5-71E0-4D07-953A-A7C9F2E44465}"
EndProject
Project("{8BC9CEB8-8B4A-11D0-8D11-00A0C91BC942}") = "TOUCH", "CHAPTR03\TOUCH\TOUCH.vcxproj", "{5E8B8956-AEC6-4203-9869-F8A003CCA310}"
EndProject
Project("{2150E333-8FDC-42A3-9474-1A3956D46DE8}") = "Chapter04", "Chapter04", "{9C347AC7-812B-4F24-9F4E-542AB686D649}"
EndProject
Project("{8BC9CEB8-8B4A-11D0-8D11-00A0C91BC942}") = "CNTRLC", "CHAPTR04\CNTRLC\CNTRLC.vcxproj", "{5B6FF533-5077-4532-A70C-6BDBB72C7922}"
EndProject
Project("{8BC9CEB8-8B4A-11D0-8D11-00A0C91BC942}") = "EXCPTION", "CHAPTR04\EXCPTION\EXCPTION.vcxproj", "{C566AD1E-AC23-4006-BC7D-AEEB90285F39}"
EndProject
Project("{8BC9CEB8-8B4A-11D0-8D11-00A0C91BC942}") = "toupper", "CHAPTR04\toupper\toupper.vcxproj", "{B6CD7F69-A4E7-49CE-ABC0-DD7B71134B24}"
EndProject
Project("{8BC9CEB8-8B4A-11D0-8D11-00A0C91BC942}") = "toupperX", "CHAPTR04\toupperX\toupperX.vcxproj", "{F52E3C54-E974-412D-B247-1D1536337C40}"
EndProject
Project("{2150E333-8FDC-42A3-9474-1A3956D46DE8}") = "Chapter05", "Chapter05", "{A4ED762A-43BF-4E89-A740-AB3E17164F7C}"
EndProject
Project("{8BC9CEB8-8B4A-11D0-8D11-00A0C91BC942}") = "CLEAR", "CHAPTR05\CLEAR\CLEAR.vcxproj", "{9D7616E5-D5D9-4EC3-9650-64D93BC9A003}"
EndProject
Project("{8BC9CEB8-8B4A-11D0-8D11-00A0C91BC942}") = "HEAPNOSR", "CHAPTR05\HEAPNOSR\HEAPNOSR.vcxproj", "{7599B6E1-99BB-4CA6-9D1A-860733B3BF66}"
EndProject
Project("{8BC9CEB8-8B4A-11D0-8D11-00A0C91BC942}") = "RANDFILE", "CHAPTR05\RANDFILE\RANDFILE.vcxproj", "{D32B481D-9029-426C-AE1F-CB54A4068F66}"
EndProject
Project("{8BC9CEB8-8B4A-11D0-8D11-00A0C91BC942}") = "SORTHP", "CHAPTR05\SORTHP\SORTHP.vcxproj", "{D666C502-3154-42B0-80C2-7F1860AF5F6C}"
EndProject
Project("{8BC9CEB8-8B4A-11D0-8D11-00A0C91BC942}") = "SORTBT", "CHAPTR05\SORTBT\SORTBT.vcxproj", "{DEF0095F-E2B0-421F-9DE2-7C04DAAFF384}"
EndProject
Project("{8BC9CEB8-8B4A-11D0-8D11-00A0C91BC942}") = "RecordAccessMM", "CHAPTR05\RecordAccessMM\RecordAccessMM.vcxproj", "{7207CFF3-8344-4DF5-8BF6-67A7B8FEA048}"
EndProject
Project("{8BC9CEB8-8B4A-11D0-8D11-00A0C91BC942}") = "SORTFL", "CHAPTR05\SORTFL\SORTFL.vcxproj", "{BBE3EC03-ABF8-49D6-8A6E-B496C3A13922}"
EndProject
Project("{8BC9CEB8-8B4A-11D0-8D11-00A0C91BC942}") = "SORTBTSR", "CHAPTR05\SORTBTSR\SORTBTSR.vcxproj", "{0B79BBB5-2116-43F3-B20E-BF38E8718662}"
EndProject
Project("{8BC9CEB8-8B4A-11D0-8D11-00A0C91BC942}") = "SORTMM", "CHAPTR05\SORTMM\SORTMM.vcxproj", "{88075C79-C839-4D82-A253-BA75458971DB}"
EndProject
Project("{8BC9CEB8-8B4A-11D0-8D11-00A0C91BC942}") = "cci_fMMDll", "CHAPTR05\cci_fMMDll\cci_fMMDll.vcxproj", "{F56B94A9-1193-44B1-BAFE-F46C6B12B3AF}"
EndProject
Project("{8BC9CEB8-8B4A-11D0-8D11-00A0C91BC942}") = "cci_fDll", "CHAPTR05\cci_fDll\cci_fDll.vcxproj", "{B8E5A386-58D1-46D6-818A-689C2156DB3F}"
EndProject
Project("{8BC9CEB8-8B4A-11D0-8D11-00A0C91BC942}") = "cciEL", "CHAPTR05\cciEL\cciEL.vcxproj", "{D8B3061A-430A-4F29-932D-60DB945D5C15}"
EndProject
Project("{2150E333-8FDC-42A3-9474-1A3956D46DE8}") = "Chapter06", "Chapter06", "{60A58C5D-1F4E-43BC-9977-9F9A1E8D350E}"
EndProject
Project("{8BC9CEB8-8B4A-11D0-8D11-00A0C91BC942}") = "GREPMP", "CHAPTR06\GREPMP\GREPMP.vcxproj", "{B62AD643-2976-45F0-A680-12A0573C9601}"
EndProject
Project("{8BC9CEB8-8B4A-11D0-8D11-00A0C91BC942}") = "GREP", "CHAPTR06\GREP\GREP.vcxproj", "{F4DD4756-A8E0-42C8-A8B5-36C32CF1286B}"
EndProject
Project("{8BC9CEB8-8B4A-11D0-8D11-00A0C91BC942}") = "TIMEP", "CHAPTR06\TIMEP\TIMEP.vcxproj", "{5E9864BF-81DC-4BCE-A69C-C7E29E74DCAC}"
EndProject
Project("{8BC9CEB8-8B4A-11D0-8D11-00A0C91BC942}") = "CATHA", "CHAPTR06\CATHA\CATHA.vcxproj", "{C501BDBE-93F5-4EC4-B425-C30693C44C6B}"
EndProject
Project("{8BC9CEB8-8B4A-11D0-8D11-00A0C91BC942}") = "version", "CHAPTR06\version\version.vcxproj", "{EC2083F8-7F12-4A52-91CD-F9A6059C49A8}"
EndProject
Project("{8BC9CEB8-8B4A-11D0-8D11-00A0C91BC942}") = "JobShell", "CHAPTR06\JobShell\JobShell.vcxproj", "{406596B1-2569-453A-9B1F-2CD709ACCF6E}"
EndProject
Project("{8BC9CEB8-8B4A-11D0-8D11-00A0C91BC942}") = "JobObjectShell", "CHAPTR06\JobObjectShell\JobObjectShell.vcxproj", "{0805AF81-2469-4168-B26B-E1A943FCBA6A}"
EndProject
Project("{2150E333-8FDC-42A3-9474-1A3956D46DE8}") = "Chapter07", "Chapter07", "{59EAE9C7-EC66-422B-8BBB-AE1054E7AF0E}"
EndProject
Project("{8BC9CEB8-8B4A-11D0-8D11-00A0C91BC942}") = "wcST", "CHAPTR07\wcST\wcST.vcxproj", "{C8B33B0B-7205-43EC-AC34-F6AB8FFE178A}"
EndProject
Project("{8BC9CEB8-8B4A-11D0-8D11-00A0C91BC942}") = "grepMT", "CHAPTR07\grepMT\grepMT.vcxproj", "{34663C64-F58F-47CA-9A07-754D21EB777A}"
EndProject
Project("{8BC9CEB8-8B4A-11D0-8D11-00A0C91BC942}") = "sortMT", "CHAPTR07\sortMT\sortMT.vcxproj", "{0721FE55-632B-4522-A7E1-553431E6BF0C}"
EndProject
Project("{8BC9CEB8-8B4A-11D0-8D11-00A0C91BC942}") = "wcMT", "CHAPTR07\wcMT\wcMT.vcxproj", "{F943791D-A95E-4F7C-99B9-7AD3FA185744}"
EndProject
Project("{8BC9CEB8-8B4A-11D0-8D11-00A0C91BC942}") = "wcMTMM", "CHAPTR07\wcMTMM\wcMTMM.vcxproj", "{C8F3762E-4522-45C4-AE28-169711A5F289}"
EndProject
Project("{8BC9CEB8-8B4A-11D0-8D11-00A0C91BC942}") = "wcMTx", "CHAPTR07\wcMTx\wcMTx.vcxproj", "{6D52F461-85F4-4FAF-9291-47213F5515D1}"
EndProject
Project("{8BC9CEB8-8B4A-11D0-8D11-00A0C91BC942}") = "sortMTx", "CHAPTR07\sortMTx\sortMTx.vcxproj", "{4D65EF0B-CBB1-40AC-ABB9-22BF07E29D99}"
EndProject
Project("{8BC9CEB8-8B4A-11D0-8D11-00A0C91BC942}") = "grepMTx", "CHAPTR07\grepMTx\grepMTx.vcxproj", "{C823CAEE-66F7-4BA8-A62B-F24EC0F275FD}"
EndProject
Project("{8BC9CEB8-8B4A-11D0-8D11-00A0C91BC942}") = "wcMTxx", "CHAPTR07\wcMTxx\wcMTxx.vcxproj", "{1F59A855-C245-40B2-9209-72C71E517573}"
EndProject
Project("{2150E333-8FDC-42A3-9474-1A3956D46DE8}") = "Chapter08", "Chapter08", "{4E1484A7-E5F4-4FB8-92FD-29B39844C06E}"
EndProject
Project("{8BC9CEB8-8B4A-11D0-8D11-00A0C91BC942}") = "eventPC", "CHAPTR08\eventPC\eventPC.vcxproj", "{4E3832AD-52F7-4266-AA17-A941AD553DE9}"
EndProject
Project("{8BC9CEB8-8B4A-11D0-8D11-00A0C91BC942}") = "simplePC", "CHAPTR08\simplePC\simplePC.vcxproj", "{F9449340-9542-4F7B-A50B-41BA1992ECB1}"
EndProject
Project("{8BC9CEB8-8B4A-11D0-8D11-00A0C91BC942}") = "eventPCx", "CHAPTR08\eventPCx\eventPCx.vcxproj", "{6D33EF76-968B-40EB-BD6F-92FC93BC8462}"
EndProject
Project("{8BC9CEB8-8B4A-11D0-8D11-00A0C91BC942}") = "simplePCx", "CHAPTR08\simplePCx\simplePCx.vcxproj", "{9C4C50D3-B85F-43CB-95D9-A846D1E89D3C}"
EndProject
Project("{2150E333-8FDC-42A3-9474-1A3956D46DE8}") = "Chapter09", "Chapter09", "{E54A0EB1-97DB-44FE-8922-93C04BD3D46E}"
EndProject
Project("{8BC9CEB8-8B4A-11D0-8D11-00A0C91BC942}") = "statsCS", "CHAPTR09\statsCS\statsCS.vcxproj", "{69AD82DD-FB5F-47DF-A5BA-9133F6D8FFAD}"
EndProject
Project("{8BC9CEB8-8B4A-11D0-8D11-00A0C91BC942}") = "statsIN", "CHAPTR09\statsIN\statsIN.vcxproj", "{1238FE08-5911-4D30-A1E9-16A5C3539886}"
EndProject
Project("{8BC9CEB8-8B4A-11D0-8D11-00A0C91BC942}") = "statsMX", "CHAPTR09\statsMX\statsMX.vcxproj", "{D29CE17E-AF9E-4124-923B-E340FD574BF9}"
EndProject
Project("{8BC9CEB8-8B4A-11D0-8D11-00A0C91BC942}") = "statsSRW", "CHAPTR09\statsSRW\statsSRW.vcxproj", "{E19F66E4-C326-493E-A3C1-C3D040976678}"
EndProject
Global
	GlobalSection(SolutionConfigurationPlatforms) = preSolution
		Debug|x64 = Debug|x64
		Debug|x86 = Debug|x86
		Release|x64 = Release|x64
		Release|x86 = Release|x86
	EndGlobalSection
	GlobalSection(ProjectConfigurationPlatforms) = postSolution
		{2DA1E9F9-F525-45D0-8A86-C98910CDC2B3}.Debug|x64.ActiveCfg = Debug|x64
		{2DA1E9F9-F525-45D0-8A86-C98910CDC2B3}.Debug|x64.Build.0 = Debug|x64
		{2DA1E9F9-F525-45D0-8A86-C98910CDC2B3}.Debug|x86.ActiveCfg = Debug|Win32
		{2DA1E9F9-F525-45D0-8A86-C98910CDC2B3}.Debug|x86.Build.0 = Debug|Win32
		{2DA1E9F9-F525-45D0-8A86-C98910CDC2B3}.Release|x64.ActiveCfg = Release|x64
		{2DA1E9F9-F525-45D0-8A86-C98910CDC2B3}.Release|x64.Build.0 = Release|x64
		{2DA1E9F9-F525-45D0-8A86-C98910CDC2B3}.Release|x86.ActiveCfg = Release|Win32
		{2DA1E9F9-F525-45D0-8A86-C98910CDC2B3}.Release|x86.Build.0 = Release|Win32
		{26D27DE8-55ED-4500-AD83-463E45095CD2}.Debug|x64.ActiveCfg = Debug|x64
		{26D27DE8-55ED-4500-AD83-463E45095CD2}.Debug|x64.Build.0 = Debug|x64
		{26D27DE8-55ED-4500-AD83-463E45095CD2}.Debug|x86.ActiveCfg = Debug|Win32
		{26D27DE8-55ED-4500-AD83-463E45095CD2}.Debug|x86.Build.0 = Debug|Win32
		{26D27DE8-55ED-4500-AD83-463E45095CD2}.Release|x64.ActiveCfg = Release|x64
		{26D27DE8-55ED-4500-AD83-463E45095CD2}.Release|x64.Build.0 = Release|x64
		{26D27DE8-55ED-4500-AD83-463E45095CD2}.Release|x86.ActiveCfg = Release|Win32
		{26D27DE8-55ED-4500-AD83-463E45095CD2}.Release|x86.Build.0 = Release|Win32
		{98BEF206-77FB-4283-94B3-FA655FFED108}.Debug|x64.ActiveCfg = Debug|x64
		{98BEF206-77FB-4283-94B3-FA655FFED108}.Debug|x64.Build.0 = Debug|x64
		{98BEF206-77FB-4283-94B3-FA655FFED108}.Debug|x86.ActiveCfg = Debug|Win32
		{98BEF206-77FB-4283-94B3-FA655FFED108}.Debug|x86.Build.0 = Debug|Win32
		{98BEF206-77FB-4283-94B3-FA655FFED108}.Release|x64.ActiveCfg = Release|x64
		{98BEF206-77FB-4283-94B3-FA655FFED108}.Release|x64.Build.0 = Release|x64
		{98BEF206-77FB-4283-94B3-FA655FFED108}.Release|x86.ActiveCfg = Release|Win32
		{98BEF206-77FB-4283-94B3-FA655FFED108}.Release|x86.Build.0 = Release|Win32
		{CD4D2BFF-3957-42E6-8DA1-60CA299CF532}.Debug|x64.ActiveCfg = Debug|x64
		{CD4D2BFF-3957-42E6-8DA1-60CA299CF532}.Debug|x64.Build.0 = Debug|x64
		{CD4D2BFF-3957-42E6-8DA1-60CA299CF532}.Debug|x86.ActiveCfg = Debug|Win32
		{CD4D2BFF-3957-42E6-8DA1-60CA299CF532}.Debug|x86.Build.0 = Debug|Win32
		{CD4D2BFF-3957-42E6-8DA1-60CA299CF532}.Release|x64.ActiveCfg = Release|x64
		{CD4D2BFF-3957-42E6-8DA1-60CA299CF532}.Release|x64.Build.0 = Release|x64
		{CD4D2BFF-3957-42E6-8DA1-60CA299CF532}.Release|x86.ActiveCfg = Release|Win32
		{CD4D2BFF-3957-42E6-8DA1-60CA299CF532}.Release|x86.Build.0 = Release|Win32
		{11ACB2F5-7C53-4CB8-BCE8-7E02962D4B49}.Debug|x64.ActiveCfg = Debug|x64
		{11ACB2F5-7C53-4CB8-BCE8-7E02962D4B49}.Debug|x64.Build.0 = Debug|x64
		{11ACB2F5-7C53-4CB8-BCE8-7E02962D4B49}.Debug|x86.ActiveCfg = Debug|Win32
		{11ACB2F5-7C53-4CB8-BCE8-7E02962D4B49}.Debug|x86.Build.0 = Debug|Win32
		{11ACB2F5-7C53-4CB8-BCE8-7E02962D4B49}.Release|x64.ActiveCfg = Release|x64
		{11ACB2F5-7C53-4CB8-BCE8-7E02962D4B49}.Release|x64.Build.0 = Release|x64
		{11ACB2F5-7C53-4CB8-BCE8-7E02962D4B49}.Release|x86.ActiveCfg = Release|Win32
		{11ACB2F5-7C53-4CB8-BCE8-7E02962D4B49}.Release|x86.Build.0 = Release|Win32
		{A771D7BC-5CA3-451E-8963-B6DAA5F6A978}.Debug|x64.ActiveCfg = Debug|x64
		{A771D7BC-5CA3-451E-8963-B6DAA5F6A978}.Debug|x64.Build.0 = Debug|x64
		{A771D7BC-5CA3-451E-8963-B6DAA5F6A978}.Debug|x86.ActiveCfg = Debug|Win32
		{A771D7BC-5CA3-451E-8963-B6DAA5F6A978}.Debug|x86.Build.0 = Debug|Win32
		{A771D7BC-5CA3-451E-8963-B6DAA5F6A978}.Release|x64.ActiveCfg = Release|x64
		{A771D7BC-5CA3-451E-8963-B6DAA5F6A978}.Release|x64.Build.0 = Release|x64
		{A771D7BC-5CA3-451E-8963-B6DAA5F6A978}.Release|x86.ActiveCfg = Release|Win32
		{A771D7BC-5CA3-451E-8963-B6DAA5F6A978}.Release|x86.Build.0 = Release|Win32
		{3D2CA768-D04F-404E-9A01-C7FBFBAB9318}.Debug|x64.ActiveCfg = Debug|x64
		{3D2CA768-D04F-404E-9A01-C7FBFBAB9318}.Debug|x64.Build.0 = Debug|x64
		{3D2CA768-D04F-404E-9A01-C7FBFBAB9318}.Debug|x86.ActiveCfg = Debug|Win32
		{3D2CA768-D04F-404E-9A01-C7FBFBAB9318}.Debug|x86.Build.0 = Debug|Win32
		{3D2CA768-D04F-404E-9A01-C7FBFBAB9318}.Release|x64.ActiveCfg = Release|x64
		{3D2CA768-D04F-404E-9A01-C7FBFBAB9318}.Release|x64.Build.0 = Release|x64
		{3D2CA768-D04F-404E-9A01-C7FBFBAB9318}.Release|x86.ActiveCfg = Release|Win32
		{3D2CA768-D04F-404E-9A01-C7FBFBAB9318}.Release|x86.Build.0 = Release|Win32
		{BEA39BFA-DC43-407C-B333-D00D433CA377}.Debug|x64.ActiveCfg = Debug|x64
		{BEA39BFA-DC43-407C-B333-D00D433CA377}.Debug|x64.Build.0 = Debug|x64
		{BEA39BFA-DC43-407C-B333-D00D433CA377}.Debug|x86.ActiveCfg = Debug|Win32
		{BEA39BFA-DC43-407C-B333-D00D433CA377}.Debug|x86.Build.0 = Debug|Win32
		{BEA39BFA-DC43-407C-B333-D00D433CA377}.Release|x64.ActiveCfg = Release|x64
		{BEA39BFA-DC43-407C-B333-D00D433CA377}.Release|x64.Build.0 = Release|x64
		{BEA39BFA-DC43-407C-B333-D00D433CA377}.Release|x86.ActiveCfg = Release|Win32
		{BEA39BFA-DC43-407C-B333-D00D433CA377}.Release|x86.Build.0 = Release|Win32
		{DE269272-9D68-4D99-9CEA-7556BEF28308}.Debug|x64.ActiveCfg = Debug|x64
		{DE269272-9D68-4D99-9CEA-7556BEF28308}.Debug|x64.Build.0 = Debug|x64
		{DE269272-9D68-4D99-9CEA-7556BEF28308}.Debug|x86.ActiveCfg = Debug|Win32
		{DE269272-9D68-4D99-9CEA-7556BEF28308}.Debug|x86.Build.0 = Debug|Win32
		{DE269272-9D68-4D99-9CEA-7556BEF28308}.Release|x64.ActiveCfg = Release|x64
		{DE269272-9D68-4D99-9CEA-7556BEF28308}.Release|x64.Build.0 = Release|x64
		{DE269272-9D68-4D99-9CEA-7556BEF28308}.Release|x86.ActiveCfg = Release|Win32
		{DE269272-9D68-4D99-9CEA-7556BEF28308}.Release|x86.Build.0 = Release|Win32
		{E4A612E7-4757-4579-A146-3FCC6199AA8E}.Debug|x64.ActiveCfg = Debug|x64
		{E4A612E7-4757-4579-A146-3FCC6199AA8E}.Debug|x64.Build.0 = Debug|x64
		{E4A612E7-4757-4579-A146-3FCC6199AA8E}.Debug|x86.ActiveCfg = Debug|Win32
		{E4A612E7-4757-4579-A146-3FCC6199AA8E}.Debug|x86.Build.0 = Debug|Win32
		{E4A612E7-4757-4579-A146-3FCC6199AA8E}.Release|x64.ActiveCfg = Release|x64
		{E4A612E7-4757-4579-A146-3FCC6199AA8E}.Release|x64.Build.0 = Release|x64
		{E4A612E7-4757-4579-A146-3FCC6199AA8E}.Release|x86.ActiveCfg = Release|Win32
		{E4A612E7-4757-4579-A146-3FCC6199AA8E}.Release|x86.Build.0 = Release|Win32
		{73DE0F0D-1C00-4F8E-B5AF-EEEE4F75A5C4}.Debug|x64.ActiveCfg = Debug|x64
		{73DE0F0D-1C00-4F8E-B5AF-EEEE4F75A5C4}.Debug|x64.Build.0 = Debug|x64
		{73DE0F0D-1C00-4F8E-B5AF-EEEE4F75A5C4}.Debug|x86.ActiveCfg = Debug|Win32
		{73DE0F0D-1C00-4F8E-B5AF-EEEE4F75A5C4}.Debug|x86.Build.0 = Debug|Win32
		{73DE0F0D-1C00-4F8E-B5AF-EEEE4F75A5C4}.Release|x64.ActiveCfg = Release|x64
		{73DE0F0D-1C00-4F8E-B5AF-EEEE4F75A5C4}.Release|x64.Build.0 = Release|x64
		{73DE0F0D-1C00-4F8E-B5AF-EEEE4F75A5C4}.Release|x86.ActiveCfg = Release|Win32
		{73DE0F0D-1C00-4F8E-B5AF-EEEE4F75A5C4}.Release|x86.Build.0 = Release|Win32
		{D0D609A0-4E75-4C82-9BD1-9C7F01892996}.Debug|x64.ActiveCfg = Debug|x64
		{D0D609A0-4E75-4C82-9BD1-9C7F01892996}.Debug|x64.Build.0 = Debug|x64
		{D0D609A0-4E75-4C82-9BD1-9C7F01892996}.Debug|x86.ActiveCfg = Debug|Win32
		{D0D609A0-4E75-4C82-9BD1-9C7F01892996}.Debug|x86.Build.0 = Debug|Win32
		{D0D609A0-4E75-4C82-9BD1-9C7F01892996}.Release|x64.ActiveCfg = Release|x64
		{D0D609A0-4E75-4C82-9BD1-9C7F01892996}.Release|x64.Build.0 = Release|x64
		{D0D609A0-4E75-4C82-9BD1-9C7F01892996}.Release|x86.ActiveCfg = Release|Win32
		{D0D609A0-4E75-4C82-9BD1-9C7F01892996}.Release|x86.Build.0 = Release|Win32
		{8F7D4B92-0127-4DCB-AFF7-8A874FB59F7D}.Debug|x64.ActiveCfg = Debug|x64
		{8F7D4B92-0127-4DCB-AFF7-8A874FB59F7D}.Debug|x64.Build.0 = Debug|x64
		{8F7D4B92-0127-4DCB-AFF7-8A874FB59F7D}.Debug|x86.ActiveCfg = Debug|Win32
		{8F7D4B92-0127-4DCB-AFF7-8A874FB59F7D}.Debug|x86.Build.0 = Debug|Win32
		{8F7D4B92-0127-4DCB-AFF7-8A874FB59F7D}.Release|x64.ActiveCfg = Release|x64
		{8F7D4B92-0127-4DCB-AFF7-8A874FB59F7D}.Release|x64.Build.0 = Release|x64
		{8F7D4B92-0127-4DCB-AFF7-8A874FB59F7D}.Release|x86.ActiveCfg = Release|Win32
		{8F7D4B92-0127-4DCB-AFF7-8A874FB59F7D}.Release|x86.Build.0 = Release|Win32
		{F48EDF87-FDB5-40F5-9352-23D18800FFDB}.Debug|x64.ActiveCfg = Debug|x64
		{F48EDF87-FDB5-40F5-9352-23D18800FFDB}.Debug|x64.Build.0 = Debug|x64
		{F48EDF87-FDB5-40F5-9352-23D18800FFDB}.Debug|x86.ActiveCfg = Debug|Win32
		{F48EDF87-FDB5-40F5-9352-23D18800FFDB}.Debug|x86.Build.0 = Debug|Win32
		{F48EDF87-FDB5-40F5-9352-23D18800FFDB}.Release|x64.ActiveCfg = Release|x64
		{F48EDF87-FDB5-40F5-9352-23D18800FFDB}.Release|x64.Build.0 = Release|x64
		{F48EDF87-FDB5-40F5-9352-23D18800FFDB}.Release|x86.ActiveCfg = Release|Win32
		{F48EDF87-FDB5-40F5-9352-23D18800FFDB}.Release|x86.Build.0 = Release|Win32
		{8007623B-E049-4825-AB2F-5A285E92CFCD}.Debug|x64.ActiveCfg = Debug|x64
		{8007623B-E049-4825-AB2F-5A285E92CFCD}.Debug|x64.Build.0 = Debug|x64
		{8007623B-E049-4825-AB2F-5A285E92CFCD}.Debug|x86.ActiveCfg = Debug|Win32
		{8007623B-E049-4825-AB2F-5A285E92CFCD}.Debug|x86.Build.0 = Debug|Win32
		{8007623B-E049-4825-AB2F-5A285E92CFCD}.Release|x64.ActiveCfg = Release|x64
		{8007623B-E049-4825-AB2F-5A285E92CFCD}.Release|x64.Build.0 = Release|x64
		{8007623B-E049-4825-AB2F-5A285E92CFCD}.Release|x86.ActiveCfg = Release|Win32
		{8007623B-E049-4825-AB2F-5A285E92CFCD}.Release|x86.Build.0 = Release|Win32
		{3B766678-0E81-48EE-8B14-1C55D9E360E3}.Debug|x64.ActiveCfg = Debug|x64
		{3B766678-0E81-48EE-8B14-1C55D9E360E3}.Debug|x64.Build.0 = Debug|x64
		{3B766678-0E81-48EE-8B14-1C55D9E360E3}.Debug|x86.ActiveCfg = Debug|Win32
		{3B766678-0E81-48EE-8B14-1C55D9E360E3}.Debug|x86.Build.0 = Debug|Win32
		{3B766678-0E81-48EE-8B14-1C55D9E360E3}.Release|x64.ActiveCfg = Release|x64
		{3B766678-0E81-48EE-8B14-1C55D9E360E3}.Release|x64.Build.0 = Release|x64
		{3B766678-0E81-48EE-8B14-1C55D9E360E3}.Release|x86.ActiveCfg = Release|Win32
		{3B766678-0E81-48EE-8B14-1C55D9E360E3}.Release|x86.Build.0 = Release|Win32
		{4C0907EC-D278-4E7D-8182-1666996CEE09}.Debug|x64.ActiveCfg = Debug|x64
		{4C0907EC-D278-4E7D-8182-1666996CEE09}.Debug|x64.Build.0 = Debug|x64
		{4C0907EC-D278-4E7D-8182-1666996CEE09}.Debug|x86.ActiveCfg = Debug|Win32
		{4C0907EC-D278-4E7D-8182-1666996CEE09}.Debug|x86.Build.0 = Debug|Win32
		{4C0907EC-D278-4E7D-8182-1666996CEE09}.Release|x64.ActiveCfg = Release|x64
		{4C0907EC-D278-4E7D-8182-1666996CEE09}.Release|x64.Build.0 = Release|x64
		{4C0907EC-D278-4E7D-8182-1666996CEE09}.Release|x86.ActiveCfg = Release|Win32
		{4C0907EC-D278-4E7D-8182-1666996CEE09}.Release|x86.Build.0 = Release|Win32
		{01B4E026-F695-4A13-BCF6-D20233C5A222}.Debug|x64.ActiveCfg = Debug|x64
		{01B4E026-F695-4A13-BCF6-D20233C5A222}.Debug|x64.Build.0 = Debug|x64
		{01B4E026-F695-4A13-BCF6-D20233C5A222}.Debug|x86.ActiveCfg = Debug|Win32
		{01B4E026-F695-4A13-BCF6-D20233C5A222}.Debug|x86.Build.0 = Debug|Win32
		{01B4E026-F695-4A13-BCF6-D20233C5A222}.Release|x64.ActiveCfg = Release|x64
		{01B4E026-F695-4A13-BCF6-D20233C5A222}.Release|x64.Build.0 = Release|x64
		{01B4E026-F695-4A13-BCF6-D20233C5A222}.Release|x86.ActiveCfg = Release|Win32
		{01B4E026-F695-4A13-BCF6-D20233C5A222}.Release|x86.Build.0 = Release|Win32
		{3DDCCEBA-7845-4EED-B12A-12731C0BD103}.Debug|x64.ActiveCfg = Debug|x64
		{3DDCCEBA-7845-4EED-B12A-12731C0BD103}.Debug|x64.Build.0 = Debug|x64
		{3DDCCEBA-7845-4EED-B12A-12731C0BD103}.Debug|x86.ActiveCfg = Debug|Win32
		{3DDCCEBA-7845-4EED-B12A-12731C0BD103}.Debug|x86.Build.0 = Debug|Win32
		{3DDCCEBA-7845-4EED-B12A-12731C0BD103}.Release|x64.ActiveCfg = Release|x64
		{3DDCCEBA-7845-4EED-B12A-12731C0BD103}.Release|x64.Build.0 = Release|x64
		{3DDCCEBA-7845-4EED-B12A-12731C0BD103}.Release|x86.ActiveCfg = Release|Win32
		{3DDCCEBA-7845-4EED-B12A-12731C0BD103}.Release|x86.Build.0 = Release|Win32
		{4C3018B5-71E0-4D07-953A-A7C9F2E44465}.Debug|x64.ActiveCfg = Debug|x64
		{4C3018B5-71E0-4D07-953A-A7C9F2E44465}.Debug|x64.Build.0 = Debug|x64
		{4C3018B5-71E0-4D07-953A-A7C9F2E44465}.Debug|x86.ActiveCfg = Debug|Win32
		{4C3018B5-71E0-4D07-953A-A7C9F2E44465}.Debug|x86.Build.0 = Debug|Win32
		{4C3018B5-71E0-4D07-953A-A7C9F2E44465}.Release|x64.ActiveCfg = Release|x64
		{4C3018B5-71E0-4D07-953A-A7C9F2E44465}.Release|x64.Build.0 = Release|x64
		{4C3018B5-71E0-4D07-953A-A7C9F2E44465}.Release|x86.ActiveCfg = Release|Win32
		{4C3018B5-71E0-4D07-953A-A7C9F2E44465}.Release|x86.Build.0 = Release|Win32
		{5E8B8956-AEC6-4203-9869-F8A003CCA310}.Debug|x64.ActiveCfg = Debug|x64
		{5E8B8956-AEC6-4203-9869-F8A003CCA310}.Debug|x64.Build.0 = Debug|x64
		{5E8B8956-AEC6-4203-9869-F8A003CCA310}.Debug|x86.ActiveCfg = Debug|Win32
		{5E8B8956-AEC6-4203-9869-F8A003CCA310}.Debug|x86.Build.0 = Debug|Win32
		{5E8B8956-AEC6-4203-9869-F8A003CCA310}.Release|x64.ActiveCfg = Release|x64
		{5E8B8956-AEC6-4203-9869-F8A003CCA310}.Release|x64.Build.0 = Release|x64
		{5E8B8956-AEC6-4203-9869-F8A003CCA310}.Release|x86.ActiveCfg = Release|Win32
		{5E8B8956-AEC6-4203-9869-F8A003CCA310}.Release|x86.Build.0 = Release|Win32
		{5B6FF533-5077-4532-A70C-6BDBB72C7922}.Debug|x64.ActiveCfg = Debug|x64
		{5B6FF533-5077-4532-A70C-6BDBB72C7922}.Debug|x64.Build.0 = Debug|x64
		{5B6FF533-5077-4532-A70C-6BDBB72C7922}.Debug|x86.ActiveCfg = Debug|Win32
		{5B6FF533-5077-4532-A70C-6BDBB72C7922}.Debug|x86.Build.0 = Debug|Win32
		{5B6FF533-5077-4532-A70C-6BDBB72C7922}.Release|x64.ActiveCfg = Release|x64
		{5B6FF533-5077-4532-A70C-6BDBB72C7922}.Release|x64.Build.0 = Release|x64
		{5B6FF533-5077-4532-A70C-6BDBB72C7922}.Release|x86.ActiveCfg = Release|Win32
		{5B6FF533-5077-4532-A70C-6BDBB72C7922}.Release|x86.Build.0 = Release|Win32
		{C566AD1E-AC23-4006-BC7D-AEEB90285F39}.Debug|x64.ActiveCfg = Debug|x64
		{C566AD1E-AC23-4006-BC7D-AEEB90285F39}.Debug|x64.Build.0 = Debug|x64
		{C566AD1E-AC23-4006-BC7D-AEEB90285F39}.Debug|x86.ActiveCfg = Debug|Win32
		{C566AD1E-AC23-4006-BC7D-AEEB90285F39}.Debug|x86.Build.0 = Debug|Win32
		{C566AD1E-AC23-4006-BC7D-AEEB90285F39}.Release|x64.ActiveCfg = Release|x64
		{C566AD1E-AC23-4006-BC7D-AEEB90285F39}.Release|x64.Build.0 = Release|x64
		{C566AD1E-AC23-4006-BC7D-AEEB90285F39}.Release|x86.ActiveCfg = Release|Win32
		{C566AD1E-AC23-4006-BC7D-AEEB90285F39}.Release|x86.Build.0 = Release|Win32
		{B6CD7F69-A4E7-49CE-ABC0-DD7B71134B24}.Debug|x64.ActiveCfg = Debug|x64
		{B6CD7F69-A4E7-49CE-ABC0-DD7B71134B24}.Debug|x64.Build.0 = Debug|x64
		{B6CD7F69-A4E7-49CE-ABC0-DD7B71134B24}.Debug|x86.ActiveCfg = Debug|Win32
		{B6CD7F69-A4E7-49CE-ABC0-DD7B71134B24}.Debug|x86.Build.0 = Debug|Win32
		{B6CD7F69-A4E7-49CE-ABC0-DD7B71134B24}.Release|x64.ActiveCfg = Release|x64
		{B6CD7F69-A4E7-49CE-ABC0-DD7B71134B24}.Release|x64.Build.0 = Release|x64
		{B6CD7F69-A4E7-49CE-ABC0-DD7B71134B24}.Release|x86.ActiveCfg = Release|Win32
		{B6CD7F69-A4E7-49CE-ABC0-DD7B71134B24}.Release|x86.Build.0 = Release|Win32
		{F52E3C54-E974-412D-B247-1D1536337C40}.Debug|x64.ActiveCfg = Debug|x64
		{F52E3C54-E974-412D-B247-1D1536337C40}.Debug|x64.Build.0 = Debug|x64
		{F52E3C54-E974-412D-B247-1D1536337C40}.Debug|x86.ActiveCfg = Debug|Win32
		{F52E3C54-E974-412D-B247-1D1536337C40}.Debug|x86.Build.0 = Debug|Win32
		{F52E3C54-E974-412D-B247-1D1536337C40}.Release|x64.ActiveCfg = Release|x64
		{F52E3C54-E974-412D-B247-1D1536337C40}.Release|x64.Build.0 = Release|x64
		{F52E3C54-E974-412D-B247-1D1536337C40}.Release|x86.ActiveCfg = Release|Win32
		{F52E3C54-E974-412D-B247-1D1536337C40}.Release|x86.Build.0 = Release|Win32
		{9D7616E5-D5D9-4EC3-9650-64D93BC9A003}.Debug|x64.ActiveCfg = Debug|x64
		{9D7616E5-D5D9-4EC3-9650-64D93BC9A003}.Debug|x64.Build.0 = Debug|x64
		{9D7616E5-D5D9-4EC3-9650-64D93BC9A003}.Debug|x86.ActiveCfg = Debug|Win32
		{9D7616E5-D5D9-4EC3-9650-64D93BC9A003}.Debug|x86.Build.0 = Debug|Win32
		{9D7616E5-D5D9-4EC3-9650-64D93BC9A003}.Release|x64.ActiveCfg = Release|x64
		{9D7616E5-D5D9-4EC3-9650-64D93BC9A003}.Release|x64.Build.0 = Release|x64
		{9D7616E5-D5D9-4EC3-9650-64D93BC9A003}.Release|x86.ActiveCfg = Release|Win32
		{9D7616E5-D5D9-4EC3-9650-64D93BC9A003}.Release|x86.Build.0 = Release|Win32
		{7599B6E1-99BB-4CA6-9D1A-860733B3BF66}.Debug|x64.ActiveCfg = Debug|x64
		{7599B6E1-99BB-4CA6-9D1A-860733B3BF66}.Debug|x64.Build.0 = Debug|x64
		{7599B6E1-99BB-4CA6-9D1A-860733B3BF66}.Debug|x86.ActiveCfg = Debug|Win32
		{7599B6E1-99BB-4CA6-9D1A-860733B3BF66}.Debug|x86.Build.0 = Debug|Win32
		{7599B6E1-99BB-4CA6-9D1A-860733B3BF66}.Release|x64.ActiveCfg = Release|x64
		{7599B6E1-99BB-4CA6-9D1A-860733B3BF66}.Release|x64.Build.0 = Release|x64
		{7599B6E1-99BB-4CA6-9D1A-860733B3BF66}.Release|x86.ActiveCfg = Release|Win32
		{7599B6E1-99BB-4CA6-9D1A-860733B3BF66}.Release|x86.Build.0 = Release|Win32
		{D32B481D-9029-426C-AE1F-CB54A4068F66}.Debug|x64.ActiveCfg = Debug|x64
		{D32B481D-9029-426C-AE1F-CB54A4068F66}.Debug|x64.Build.0 = Debug|x64
		{D32B481D-9029-426C-AE1F-CB54A4068F66}.Debug|x86.ActiveCfg = Debug|Win32
		{D32B481D-9029-426C-AE1F-CB54A4068F66}.Debug|x86.Build.0 = Debug|Win32
		{D32B481D-9029-426C-AE1F-CB54A4068F66}.Release|x64.ActiveCfg = Release|x64
		{D32B481D-9029-426C-AE1F-CB54A4068F66}.Release|x64.Build.0 = Release|x64
		{D32B481D-9029-426C-AE1F-CB54A4068F66}.Release|x86.ActiveCfg = Release|Win32
		{D32B481D-9029-426C-AE1F-CB54A4068F66}.Release|x86.Build.0 = Release|Win32
		{D666C502-3154-42B0-80C2-7F1860AF5F6C}.Debug|x64.ActiveCfg = Debug|x64
		{D666C502-3154-42B0-80C2-7F1860AF5F6C}.Debug|x64.Build.0 = Debug|x64
		{D666C502-3154-42B0-80C2-7F1860AF5F6C}.Debug|x86.ActiveCfg = Debug|Win32
		{D666C502-3154-42B0-80C2-7F1860AF5F6C}.Debug|x86.Build.0 = Debug|Win32
		{D666C502-3154-42B0-80C2-7F1860AF5F6C}.Release|x64.ActiveCfg = Release|x64
		{D666C502-3154-42B0-80C2-7F1860AF5F6C}.Release|x64.Build.0 = Release|x64
		{D666C502-3154-42B0-80C2-7F1860AF5F6C}.Release|x86.ActiveCfg = Release|Win32
		{D666C502-3154-42B0-80C2-7F1860AF5F6C}.Release|x86.Build.0 = Release|Win32
		{DEF0095F-E2B0-421F-9DE2-7C04DAAFF384}.Debug|x64.ActiveCfg = Debug|x64
		{DEF0095F-E2B0-421F-9DE2-7C04DAAFF384}.Debug|x64.Build.0 = Debug|x64
		{DEF0095F-E2B0-421F-9DE2-7C04DAAFF384}.Debug|x86.ActiveCfg = Debug|Win32
		{DEF0095F-E2B0-421F-9DE2-7C04DAAFF384}.Debug|x86.Build.0 = Debug|Win32
		{DEF0095F-E2B0-421F-9DE2-7C04DAAFF384}.Release|x64.ActiveCfg = Release|x64
		{DEF0095F-E2B0-421F-9DE2-7C04DAAFF384}.Release|x64.Build.0 = Release|x64
		{DEF0095F-E2B0-421F-9DE2-7C04DAAFF384}.Release|x86.ActiveCfg = Release|Win32
		{DEF0095F-E2B0-421F-9DE2-7C04DAAFF384}.Release|x86.Build.0 = Release|Win32
		{7207CFF3-8344-4DF5-8BF6-67A7B8FEA048}.Debug|x64.ActiveCfg = Debug|x64
		{7207CFF3-8344-4DF5-8BF6-67A7B8FEA048}.Debug|x64.Build.0 = Debug|x64
		{7207CFF3-8344-4DF5-8BF6-67A7B8FEA048}.Debug|x86.ActiveCfg = Debug|Win32
		{7207CFF3-8344-4DF5-8BF6-67A7B8FEA048}.Debug|x86.Build.0 = Debug|Win32
		{7207CFF3-8344-4DF5-8BF6-67A7B8FEA048}.Release|x64.ActiveCfg = Release|x64
		{7207CFF3-8344-4DF5-8BF6-67A7B8FEA048}.Release|x64.Build.0 = Release|x64
		{7207CFF3-8344-4DF5-8BF6-67A7B8FEA048}.Release|x86.ActiveCfg = Release|Win32
		{7207CFF3-8344-4DF5-8BF6-67A7B8FEA048}.Release|x86.Build.0 = Release|Win32
		{BBE3EC03-ABF8-49D6-8A6E-B496C3A13922}.Debug|x64.ActiveCfg = Debug|x64
		{BBE3EC03-ABF8-49D6-8A6E-B496C3A13922}.Debug|x64.Build.0 = Debug|x64
		{BBE3EC03-ABF8-49D6-8A6E-B496C3A13922}.Debug|x86.ActiveCfg = Debug|Win32
		{BBE3EC03-ABF8-49D6-8A6E-B496C3A13922}.Debug|x86.Build.0 = Debug|Win32
		{BBE3EC03-ABF8-49D6-8A6E-B496C3A13922}.Release|x64.ActiveCfg = Release|x64
		{BBE3EC03-ABF8-49D6-8A6E-B496C3A13922}.Release|x64.Build.0 = Release|x64
		{BBE3EC03-ABF8-49D6-8A6E-B496C3A13922}.Release|x86.ActiveCfg = Release|Win32
		{BBE3EC03-ABF8-49D6-8A6E-B496C3A13922}.Release|x86.Build.0 = Release|Win32
		{0B79BBB5-2116-43F3-B20E-BF38E8718662}.Debug|x64.ActiveCfg = Debug|x64
		{0B79BBB5-2116-43F3-B20E-BF38E8718662}.Debug|x64.Build.0 = Debug|x64
		{0B79BBB5-2116-43F3-B20E-BF38E8718662}.Debug|x86.ActiveCfg = Debug|Win32
		{0B79BBB5-2116-43F3-B20E-BF38E8718662}.Debug|x86.Build.0 = Debug|Win32
		{0B79BBB5-2116-43F3-B20E-BF38E8718662}.Release|x64.ActiveCfg = Release|x64
		{0B79BBB5-2116-43F3-B20E-BF38E8718662}.Release|x64.Build.0 = Release|x64
		{0B79BBB5-2116-43F3-B20E-BF38E8718662}.Release|x86.ActiveCfg = Release|Win32
		{0B79BBB5-2116-43F3-B20E-BF38E8718662}.Release|x86.Build.0 = Release|Win32
		{88075C79-C839-4D82-A253-BA75458971DB}.Debug|x64.ActiveCfg = Debug|x64
		{88075C79-C839-4D82-A253-BA75458971DB}.Debug|x64.Build.0 = Debug|x64
		{88075C79-C839-4D82-A253-BA75458971DB}.Debug|x86.ActiveCfg = Debug|Win32
		{88075C79-C839-4D82-A253-BA75458971DB}.Debug|x86.Build.0 = Debug|Win32
		{88075C79-C839-4D82-A253-BA75458971DB}.Release|x64.ActiveCfg = Release|x64
		{88075C79-C839-4D82-A253-BA75458971DB}.Release|x64.Build.0 = Release|x64
		{88075C79-C839-4D82-A253-BA75458971DB}.Release|x86.ActiveCfg = Release|Win32
		{88075C79-C839-4D82-A253-BA75458971DB}.Release|x86.Build.0 = Release|Win32
		{F56B94A9-1193-44B1-BAFE-F46C6B12B3AF}.Debug|x64.ActiveCfg = Debug|x64
		{F56B94A9-1193-44B1-BAFE-F46C6B12B3AF}.Debug|x64.Build.0 = Debug|x64
		{F56B94A9-1193-44B1-BAFE-F46C6B12B3AF}.Debug|x86.ActiveCfg = Debug|Win32
		{F56B94A9-1193-44B1-BAFE-F46C6B12B3AF}.Debug|x86.Build.0 = Debug|Win32
		{F56B94A9-1193-44B1-BAFE-F46C6B12B3AF}.Release|x64.ActiveCfg = Release|x64
		{F56B94A9-1193-44B1-BAFE-F46C6B12B3AF}.Release|x64.Build.0 = Release|x64
		{F56B94A9-1193-44B1-BAFE-F46C6B12B3AF}.Release|x86.ActiveCfg = Release|Win32
		{F56B94A9-1193-44B1-BAFE-F46C6B12B3AF}.Release|x86.Build.0 = Release|Win32
		{B8E5A386-58D1-46D6-818A-689C2156DB3F}.Debug|x64.ActiveCfg = Debug|x64
		{B8E5A386-58D1-46D6-818A-689C2156DB3F}.Debug|x64.Build.0 = Debug|x64
		{B8E5A386-58D1-46D6-818A-689C2156DB3F}.Debug|x86.ActiveCfg = Debug|Win32
		{B8E5A386-58D1-46D6-818A-689C2156DB3F}.Debug|x86.Build.0 = Debug|Win32
		{B8E5A386-58D1-46D6-818A-689C2156DB3F}.Release|x64.ActiveCfg = Release|x64
		{B8E5A386-58D1-46D6-818A-689C2156DB3F}.Release|x64.Build.0 = Release|x64
		{B8E5A386-58D1-46D6-818A-689C2156DB3F}.Release|x86.ActiveCfg = Release|Win32
		{B8E5A386-58D1-46D6-818A-689C2156DB3F}.Release|x86.Build.0 = Release|Win32
		{D8B3061A-430A-4F29-932D-60DB945D5C15}.Debug|x64.ActiveCfg = Debug|x64
		{D8B3061A-430A-4F29-932D-60DB945D5C15}.Debug|x64.Build.0 = Debug|x64
		{D8B3061A-430A-4F29-932D-60DB945D5C15}.Debug|x86.ActiveCfg = Debug|Win32
		{D8B3061A-430A-4F29-932D-60DB945D5C15}.Debug|x86.Build.0 = Debug|Win32
		{D8B3061A-430A-4F29-932D-60DB945D5C15}.Release|x64.ActiveCfg = Release|x64
		{D8B3061A-430A-4F29-932D-60DB945D5C15}.Release|x64.Build.0 = Release|x64
		{D8B3061A-430A-4F29-932D-60DB945D5C15}.Release|x86.ActiveCfg = Release|Win32
		{D8B3061A-430A-4F29-932D-60DB945D5C15}.Release|x86.Build.0 = Release|Win32
		{B62AD643-2976-45F0-A680-12A0573C9601}.Debug|x64.ActiveCfg = Debug|x64
		{B62AD643-2976-45F0-A680-12A0573C9601}.Debug|x64.Build.0 = Debug|x64
		{B62AD643-2976-45F0-A680-12A0573C9601}.Debug|x86.ActiveCfg = Debug|Win32
		{B62AD643-2976-45F0-A680-12A0573C9601}.Debug|x86.Build.0 = Debug|Win32
		{B62AD643-2976-45F0-A680-12A0573C9601}.Release|x64.ActiveCfg = Release|x64
		{B62AD643-2976-45F0-A680-12A0573C9601}.Release|x64.Build.0 = Release|x64
		{B62AD643-2976-45F0-A680-12A0573C9601}.Release|x86.ActiveCfg = Release|Win32
		{B62AD643-2976-45F0-A680-12A0573C9601}.Release|x86.Build.0 = Release|Win32
		{F4DD4756-A8E0-42C8-A8B5-36C32CF1286B}.Debug|x64.ActiveCfg = Debug|x64
		{F4DD4756-A8E0-42C8-A8B5-36C32CF1286B}.Debug|x64.Build.0 = Debug|x64
		{F4DD4756-A8E0-42C8-A8B5-36C32CF1286B}.Debug|x86.ActiveCfg = Debug|Win32
		{F4DD4756-A8E0-42C8-A8B5-36C32CF1286B}.Debug|x86.Build.0 = Debug|Win32
		{F4DD4756-A8E0-42C8-A8B5-36C32CF1286B}.Release|x64.ActiveCfg = Release|x64
		{F4DD4756-A8E0-42C8-A8B5-36C32CF1286B}.Release|x64.Build.0 = Release|x64
		{F4DD4756-A8E0-42C8-A8B5-36C32CF1286B}.Release|x86.ActiveCfg = Release|Win32
		{F4DD4756-A8E0-42C8-A8B5-36C32CF1286B}.Release|x86.Build.0 = Release|Win32
		{5E9864BF-81DC-4BCE-A69C-C7E29E74DCAC}.Debug|x64.ActiveCfg = Debug|x64
		{5E9864BF-81DC-4BCE-A69C-C7E29E74DCAC}.Debug|x64.Build.0 = Debug|x64
		{5E9864BF-81DC-4BCE-A69C-C7E29E74DCAC}.Debug|x86.ActiveCfg = Debug|Win32
		{5E9864BF-81DC-4BCE-A69C-C7E29E74DCAC}.Debug|x86.Build.0 = Debug|Win32
		{5E9864BF-81DC-4BCE-A69C-C7E29E74DCAC}.Release|x64.ActiveCfg = Release|x64
		{5E9864BF-81DC-4BCE-A69C-C7E29E74DCAC}.Release|x64.Build.0 = Release|x64
		{5E9864BF-81DC-4BCE-A69C-C7E29E74DCAC}.Release|x86.ActiveCfg = Release|Win32
		{5E9864BF-81DC-4BCE-A69C-C7E29E74DCAC}.Release|x86.Build.0 = Release|Win32
		{C501BDBE-93F5-4EC4-B425-C30693C44C6B}.Debug|x64.ActiveCfg = Debug|x64
		{C501BDBE-93F5-4EC4-B425-C30693C44C6B}.Debug|x64.Build.0 = Debug|x64
		{C501BDBE-93F5-4EC4-B425-C30693C44C6B}.Debug|x86.ActiveCfg = Debug|Win32
		{C501BDBE-93F5-4EC4-B425-C30693C44C6B}.Debug|x86.Build.0 = Debug|Win32
		{C501BDBE-93F5-4EC4-B425-C30693C44C6B}.Release|x64.ActiveCfg = Release|x64
		{C501BDBE-93F5-4EC4-B425-C30693C44C6B}.Release|x64.Build.0 = Release|x64
		{C501BDBE-93F5-4EC4-B425-C30693C44C6B}.Release|x86.ActiveCfg = Release|Win32
		{C501BDBE-93F5-4EC4-B425-C30693C44C6B}.Release|x86.Build.0 = Release|Win32
		{EC2083F8-7F12-4A52-91CD-F9A6059C49A8}.Debug|x64.ActiveCfg = Debug|x64
		{EC2083F8-7F12-4A52-91CD-F9A6059C49A8}.Debug|x64.Build.0 = Debug|x64
		{EC2083F8-7F12-4A52-91CD-F9A6059C49A8}.Debug|x86.ActiveCfg = Debug|Win32
		{EC2083F8-7F12-4A52-91CD-F9A6059C49A8}.Debug|x86.Build.0 = Debug|Win32
		{EC2083F8-7F12-4A52-91CD-F9A6059C49A8}.Release|x64.ActiveCfg = Release|x64
		{EC2083F8-7F12-4A52-91CD-F9A6059C49A8}.Release|x64.Build.0 = Release|x64
		{EC2083F8-7F12-4A52-91CD-F9A6059C49A8}.Release|x86.ActiveCfg = Release|Win32
		{EC2083F8-7F12-4A52-91CD-F9A6059C49A8}.Release|x86.Build.0 = Release|Win32
		{406596B1-2569-453A-9B1F-2CD709ACCF6E}.Debug|x64.ActiveCfg = Debug|x64
		{406596B1-2569-453A-9B1F-2CD709ACCF6E}.Debug|x64.Build.0 = Debug|x64
		{406596B1-2569-453A-9B1F-2CD709ACCF6E}.Debug|x86.ActiveCfg = Debug|Win32
		{406596B1-2569-453A-9B1F-2CD709ACCF6E}.Debug|x86.Build.0 = Debug|Win32
		{406596B1-2569-453A-9B1F-2CD709ACCF6E}.Release|x64.ActiveCfg = Release|x64
		{406596B1-2569-453A-9B1F-2CD709ACCF6E}.Release|x64.Build.0 = Release|x64
		{406596B1-2569-453A-9B1F-2CD709ACCF6E}.Release|x86.ActiveCfg = Release|Win32
		{406596B1-2569-453A-9B1F-2CD709ACCF6E}.Release|x86.Build.0 = Release|Win32
		{0805AF81-2469-4168-B26B-E1A943FCBA6A}.Debug|x64.ActiveCfg = Debug|x64
		{0805AF81-2469-4168-B26B-E1A943FCBA6A}.Debug|x64.Build.0 = Debug|x64
		{0805AF81-2469-4168-B26B-E1A943FCBA6A}.Debug|x86.ActiveCfg = Debug|Win32
		{0805AF81-2469-4168-B26B-E1A943FCBA6A}.Debug|x86.Build.0 = Debug|Win32
		{0805AF81-2469-4168-B26B-E1A943FCBA6A}.Release|x64.ActiveCfg = Release|x64
		{0805AF81-2469-4168-B26B-E1A943FCBA6A}.Release|x64.Build.0 = Release|x64
		{0805AF81-2469-4168-B26B-E1A943FCBA6A}.Release|x86.ActiveCfg = Release|Win32
		{0805AF81-2469-4168-B26B-E1A943FCBA6A}.Release|x86.Build.0 = Release|Win32
		{C8B33B0B-7205-43EC-AC34-F6AB8FFE178A}.Debug|x64.ActiveCfg = Debug|x64
		{C8B33B0B-7205-43EC-AC34-F6AB8FFE178A}.Debug|x64.Build.0 = Debug|x64
		{C8B33B0B-7205-43EC-AC34-F6AB8FFE178A}.Debug|x86.ActiveCfg = Debug|Win32
		{C8B33B0B-7205-43EC-AC34-F6AB8FFE178A}.Debug|x86.Build.0 = Debug|Win32
		{C8B33B0B-7205-43EC-AC34-F6AB8FFE178A}.Release|x64.ActiveCfg = Release|x64
		{C8B33B0B-7205-43EC-AC34-F6AB8FFE178A}.Release|x64.Build.0 = Release|x64
		{C8B33B0B-7205-43EC-AC34-F6AB8FFE178A}.Release|x86.ActiveCfg = Release|Win32
		{C8B33B0B-7205-43EC-AC34-F6AB8FFE178A}.Release|x86.Build.0 = Release|Win32
		{34663C64-F58F-47CA-9A07-754D21EB777A}.Debug|x64.ActiveCfg = Debug|x64
		{34663C64-F58F-47CA-9A07-754D21EB777A}.Debug|x64.Build.0 = Debug|x64
		{34663C64-F58F-47CA-9A07-754D21EB777A}.Debug|x86.ActiveCfg = Debug|Win32
		{34663C64-F58F-47CA-9A07-754D21EB777A}.Debug|x86.Build.0 = Debug|Win32
		{34663C64-F58F-47CA-9A07-754D21EB777A}.Release|x64.ActiveCfg = Release|x64
		{34663C64-F58F-47CA-9A07-754D21EB777A}.Release|x64.Build.0 = Release|x64
		{34663C64-F58F-47CA-9A07-754D21EB777A}.Release|x86.ActiveCfg = Release|Win32
		{34663C64-F58F-47CA-9A07-754D21EB777A}.Release|x86.Build.0 = Release|Win32
		{0721FE55-632B-4522-A7E1-553431E6BF0C}.Debug|x64.ActiveCfg = Debug|x64
		{0721FE55-632B-4522-A7E1-553431E6BF0C}.Debug|x64.Build.0 = Debug|x64
		{0721FE55-632B-4522-A7E1-553431E6BF0C}.Debug|x86.ActiveCfg = Debug|Win32
		{0721FE55-632B-4522-A7E1-553431E6BF0C}.Debug|x86.Build.0 = Debug|Win32
		{0721FE55-632B-4522-A7E1-553431E6BF0C}.Release|x64.ActiveCfg = Release|x64
		{0721FE55-632B-4522-A7E1-553431E6BF0C}.Release|x64.Build.0 = Release|x64
		{0721FE55-632B-4522-A7E1-553431E6BF0C}.Release|x86.ActiveCfg = Release|Win32
		{0721FE55-632B-4522-A7E1-553431E6BF0C}.Release|x86.Build.0 = Release|Win32
		{F943791D-A95E-4F7C-99B9-7AD3FA185744}.Debug|x64.ActiveCfg = Debug|x64
		{F943791D-A95E-4F7C-99B9-7AD3FA185744}.Debug|x64.Build.0 = Debug|x64
		{F943791D-A95E-4F7C-99B9-7AD3FA185744}.Debug|x86.ActiveCfg = Debug|Win32
		{F943791D-A95E-4F7C-99B9-7AD3FA185744}.Debug|x86.Build.0 = Debug|Win32
		{F943791D-A95E-4F7C-99B9-7AD3FA185744}.Release|x64.ActiveCfg = Release|x64
		{F943791D-A95E-4F7C-99B9-7AD3FA185744}.Release|x64.Build.0 = Release|x64
		{F943791D-A95E-4F7C-99B9-7AD3FA185744}.Release|x86.ActiveCfg = Release|Win32
		{F943791D-A95E-4F7C-99B9-7AD3FA185744}.Release|x86.Build.0 = Release|Win32
		{C8F3762E-4522-45C4-AE28-169711A5F289}.Debug|x64.ActiveCfg = Debug|x64
		{C8F3762E-4522-45C4-AE28-169711A5F289}.Debug|x64.Build.0 = Debug|x64
		{C8F3762E-4522-45C4-AE28-169711A5F289}.Debug|x86.ActiveCfg = Debug|Win32
		{C8F3762E-4522-45C4-AE28-169711A5F289}.Debug|x86.Build.0 = Debug|Win32
		{C8F3762E-4522-45C4-AE28-169711A5F289}.Release|x64.ActiveCfg = Release|x64
		{C8F3762E-4522-45C4-AE28-169711A5F289}.Release|x64.Build.0 = Release|x64
		{C8F3762E-4522-45C4-AE28-169711A5F289}.Release|x86.ActiveCfg = Release|Win32
		{C8F3762E-4522-45C4-AE28-169711A5F289}.Release|x86.Build.0 = Release|Win32
		{6D52F461-85F4-4FAF-9291-47213F5515D1}.Debug|x64.ActiveCfg = Debug|x64
		{6D52F461-85F4-4FAF-9291-47213F5515D1}.Debug|x64.Build.0 = Debug|x64
		{6D52F461-85F4-4FAF-9291-47213F5515D1}.Debug|x86.ActiveCfg = Debug|Win32
		{6D52F461-85F4-4FAF-9291-47213F5515D1}.Debug|x86.Build.0 = Debug|Win32
		{6D52F461-85F4-4FAF-9291-47213F5515D1}.Release|x64.ActiveCfg = Release|x64
		{6D52F461-85F4-4FAF-9291-47213F5515D1}.Release|x64.Build.0 = Release|x64
		{6D52F461-85F4-4FAF-9291-47213F5515D1}.Release|x86.ActiveCfg = Release|Win32
		{6D52F461-85F4-4FAF-9291-47213F5515D1}.Release|x86.Build.0 = Release|Win32
		{4D65EF0B-CBB1-40AC-ABB9-22BF07E29D99}.Debug|x64.ActiveCfg = Debug|x64
		{4D65EF0B-CBB1-40AC-ABB9-22BF07E29D99}.Debug|x64.Build.0 = Debug|x64
		{4D65EF0B-CBB1-40AC-ABB9-22BF07E29D99}.Debug|x86.ActiveCfg = Debug|Win32
		{4D65EF0B-CBB1-40AC-ABB9-22BF07E29D99}.Debug|x86.Build.0 = Debug|Win32
		{4D65EF0B-CBB1-40AC-ABB9-22BF07E29D99}.Release|x64.ActiveCfg = Release|x64
		{4D65EF0B-CBB1-40AC-ABB9-22BF07E29D99}.Release|x64.Build.0 = Release|x64
		{4D65EF0B-CBB1-40AC-ABB9-22BF07E29D99}.Release|x86.ActiveCfg = Release|Win32
		{4D65EF0B-CBB1-40AC-ABB9-22BF07E29D99}.Release|x86.Build.0 = Release|Win32
		{C823CAEE-66F7-4BA8-A62B-F24EC0F275FD}.Debug|x64.ActiveCfg = Debug|x64
		{C823CAEE-66F7-4BA8-A62B-F24EC0F275FD}.Debug|x64.Build.0 = Debug|x64
		{C823CAEE-66F7-4BA8-A62B-F24EC0F275FD}.Debug|x86.ActiveCfg = Debug|Win32
		{C823CAEE-66F7-4BA8-A62B-F24EC0F275FD}.Debug|x86.Build.0 = Debug|Win32
		{C823CAEE-66F7-4BA8-A62B-F24EC0F275FD}.Release|x64.ActiveCfg = Release|x64
		{C823CAEE-66F7-4BA8-A62B-F24EC0F275FD}.Release|x64.Build.0 = Release|x64
		{C823CAEE-66F7-4BA8-A62B-F24EC0F275FD}.Release|x86.ActiveCfg = Release|Win32
		{C823CAEE-66F7-4BA8-A62B-F24EC0F275FD}.Release|x86.Build.0 = Release|Win32
		{1F59A855-C245-40B2-9209-72C71E517573}.Debug|x64.ActiveCfg = Debug|x64
		{1F59A855-C245-40B2-9209-72C71E517573}.Debug|x64.Build.0 = Debug|x64
		{1F59A855-C245-40B2-9209-72C71E517573}.Debug|x86.ActiveCfg = Debug|Win32
		{1F59A855-C245-40B2-9209-72C71E517573}.Debug|x86.Build.0 = Debug|Win32
		{1F59A855-C245-40B2-9209-72C71E517573}.Release|x64.ActiveCfg = Release|x64
		{1F59A855-C245-40B2-9209-72C71E517573}.Release|x64.Build.0 = Release|x64
		{1F59A855-C245-40B2-9209-72C71E517573}.Release|x86.ActiveCfg = Release|Win32
		{1F59A855-C245-40B2-9209-72C71E517573}.Release|x86.Build.0 = Release|Win32
		{4E3832AD-52F7-4266-AA17-A941AD553DE9}.Debug|x64.ActiveCfg = Debug|x64
		{4E3832AD-52F7-4266-AA17-A941AD553DE9}.Debug|x64.Build.0 = Debug|x64
		{4E3832AD-52F7-4266-AA17-A941AD553DE9}.Debug|x86.ActiveCfg = Debug|Win32
		{4E3832AD-52F7-4266-AA17-A941AD553DE9}.Debug|x86.Build.0 = Debug|Win32
		{4E3832AD-52F7-4266-AA17-A941AD553DE9}.Release|x64.ActiveCfg = Release|x64
		{4E3832AD-52F7-4266-AA17-A941AD553DE9}.Release|x64.Build.0 = Release|x64
		{4E3832AD-52F7-4266-AA17-A941AD553DE9}.Release|x86.ActiveCfg = Release|Win32
		{4E3832AD-52F7-4266-AA17-A941AD553DE9}.Release|x86.Build.0 = Release|Win32
		{F9449340-9542-4F7B-A50B-41BA1992ECB1}.Debug|x64.ActiveCfg = Debug|x64
		{F9449340-9542-4F7B-A50B-41BA1992ECB1}.Debug|x64.Build.0 = Debug|x64
		{F9449340-9542-4F7B-A50B-41BA1992ECB1}.Debug|x86.ActiveCfg = Debug|Win32
		{F9449340-9542-4F7B-A50B-41BA1992ECB1}.Debug|x86.Build.0 = Debug|Win32
		{F9449340-9542-4F7B-A50B-41BA1992ECB1}.Release|x64.ActiveCfg = Release|x64
		{F9449340-9542-4F7B-A50B-41BA1992ECB1}.Release|x64.Build.0 = Release|x64
		{F9449340-9542-4F7B-A50B-41BA1992ECB1}.Release|x86.ActiveCfg = Release|Win32
		{F9449340-9542-4F7B-A50B-41BA1992ECB1}.Release|x86.Build.0 = Release|Win32
		{6D33EF76-968B-40EB-BD6F-92FC93BC8462}.Debug|x64.ActiveCfg = Debug|x64
		{6D33EF76-968B-40EB-BD6F-92FC93BC8462}.Debug|x64.Build.0 = Debug|x64
		{6D33EF76-968B-40EB-BD6F-92FC93BC8462}.Debug|x86.ActiveCfg = Debug|Win32
		{6D33EF76-968B-40EB-BD6F-92FC93BC8462}.Debug|x86.Build.0 = Debug|Win32
		{6D33EF76-968B-40EB-BD6F-92FC93BC8462}.Release|x64.ActiveCfg = Release|x64
		{6D33EF76-968B-40EB-BD6F-92FC93BC8462}.Release|x64.Build.0 = Release|x64
		{6D33EF76-968B-40EB-BD6F-92FC93BC8462}.Release|x86.ActiveCfg = Release|Win32
		{6D33EF76-968B-40EB-BD6F-92FC93BC8462}.Release|x86.Build.0 = Release|Win32
		{9C4C50D3-B85F-43CB-95D9-A846D1E89D3C}.Debug|x64.ActiveCfg = Debug|x64
		{9C4C50D3-B85F-43CB-95D9-A846D1E89D3C}.Debug|x64.Build.0 = Debug|x64
		{9C4C50D3-B85F-43CB-95D9-A846D1E89D3C}.Debug|x86.ActiveCfg = Debug|Win32
		{9C4C50D3-B85F-43CB-95D9-A846D1E89D3C}.Debug|x86.Build.0 = Debug|Win32
		{9C4C50D3-B85F-43CB-95D9-A846D1E89D3C}.Release|x64.ActiveCfg = Release|x64
		{9C4C50D3-B85F-43CB-95D9-A846D1E89D3C}.Release|x64.Build.0 = Release|x64
		{9C4C50D3-B85F-43CB-95D9-A846D1E89D3C}.Release|x86.ActiveCfg = Release|Win32
		{9C4C50D3-B85F-43CB-95D9-A846D1E89D3C}.Release|x86.Build.0 = Release|Win32
		{69AD82DD-FB5F-47DF-A5BA-9133F6D8FFAD}.Debug|x64.ActiveCfg = Debug|x64
		{69AD82DD-FB5F-47DF-A5BA-9133F6D8FFAD}.Debug|x64.Build.0 = Debug|x64
		{69AD82DD-FB5F-47DF-A5BA-9133F6D8FFAD}.Debug|x86.ActiveCfg = Debug|Win32
		{69AD82DD-FB5F-47DF-A5BA-9133F6D8FFAD}.Debug|x86.Build.0 = Debug|Win32
		{69AD82DD-FB5F-47DF-A5BA-9133F6D8FFAD}.Release|x64.ActiveCfg = Release|x64
		{69AD82DD-FB5F-47DF-A5BA-9133F6D8FFAD}.Release|x64.Build.0 = Release|x64
		{69AD82DD-FB5F-47DF-A5BA-9133F6D8FFAD}.Release|x86.ActiveCfg = Release|Win32
		{69AD82DD-FB5F-47DF-A5BA-9133F6D8FFAD}.Release|x86.Build.0 = Release|Win32
		{1238FE08-5911-4D30-A1E9-16A5C3539886}.Debug|x64.ActiveCfg = Debug|x64
		{1238FE08-5911-4D30-A1E9-16A5C3539886}.Debug|x64.Build.0 = Debug|x64
		{1238FE08-5911-4D30-A1E9-16A5C3539886}.Debug|x86.ActiveCfg = Debug|Win32
		{1238FE08-5911-4D30-A1E9-16A5C3539886}.Debug|x86.Build.0 = Debug|Win32
		{1238FE08-5911-4D30-A1E9-16A5C3539886}.Release|x64.ActiveCfg = Release|x64
		{1238FE08-5911-4D30-A1E9-16A5C3539886}.Release|x64.Build.0 = Release|x64
		{1238FE08-5911-4D30-A1E9-16A5C3539886}.Release|x86.ActiveCfg = Release|Win32
		{1238FE08-5911-4D30-A1E9-16A5C3539886}.Release|x86.Build.0 = Release|Win32
		{D29CE17E-AF9E-4124-923B-E340FD574BF9}.Debug|x64.ActiveCfg = Debug|x64
		{D29CE17E-AF9E-4124-923B-E340FD574BF9}.Debug|x64.Build.0 = Debug|x64
		{D29CE17E-AF9E-4124-923B-E340FD574BF9}.Debug|x86.ActiveCfg = Debug|Win32
		{D29CE17E-AF9E-4124-923B-E340FD574BF9}.Debug|x86.Build.0 = Debug|Win32
		{D29CE17E-AF9E-4124-923B-E340FD574BF9}.Release|x64.ActiveCfg = Release|x64
		{D29CE17E-AF9E-4124-923B-E340FD574BF9}.Release|x64.Build.0 = Release|x64
		{D29CE17E-AF9E-4124-923B-E340FD574BF9}.Release|x86.ActiveCfg = Release|Win32
		{D29CE17E-AF9E-4124-923B-E340FD574BF9}.Release|x86.Build.0 = Release|Win32
		{E19F66E4-C326-493E-A3C1-C3D040976678}.Debug|x64.ActiveCfg = Debug|x64
		{E19F66E4-C326-493E-A3C1-C3D040976678}.Debug|x64.Build.0 = Debug|x64
		{E19F66E4-C326-493E-A3C1-C3D040976678}.Debug|x86.ActiveCfg = Debug|Win32
		{E19F66E4-C326-493E-A3C1-C3D040976678}.Debug|x86.Build.0 = Debug|Win32
		{E19F66E4-C326-493E-A3C1-C3D040976678}.Release|x64.ActiveCfg = Release|x64
		{E19F66E4-C326-493E-A3C1-C3D040976678}.Release|x64.Build.0 = Release|x64
		{E19F66E4-C326-493E-A3C1-C3D040976678}.Release|x86.ActiveCfg = Release|Win32
		{E19F66E4-C326-493E-A3C1-C3D040976678}.Release|x86.Build.0 = Release|Win32
	EndGlobalSection
	GlobalSection(SolutionProperties) = preSolution
		HideSolutionNode = FALSE
	EndGlobalSection
	GlobalSection(NestedProjects) = preSolution
		{2DA1E9F9-F525-45D0-8A86-C98910CDC2B3} = {2ACA7FC9-2A26-4C90-9ACA-B48CE3669C1C}
		{26D27DE8-55ED-4500-AD83-463E45095CD2} = {2ACA7FC9-2A26-4C90-9ACA-B48CE3669C1C}
		{98BEF206-77FB-4283-94B3-FA655FFED108} = {2ACA7FC9-2A26-4C90-9ACA-B48CE3669C1C}
		{CD4D2BFF-3957-42E6-8DA1-60CA299CF532} = {2ACA7FC9-2A26-4C90-9ACA-B48CE3669C1C}
		{11ACB2F5-7C53-4CB8-BCE8-7E02962D4B49} = {2ACA7FC9-2A26-4C90-9ACA-B48CE3669C1C}
		{A771D7BC-5CA3-451E-8963-B6DAA5F6A978} = {2ACA7FC9-2A26-4C90-9ACA-B48CE3669C1C}
		{3D2CA768-D04F-404E-9A01-C7FBFBAB9318} = {145DFEE6-3AE4-4822-8141-D8A189C4BA29}
		{BEA39BFA-DC43-407C-B333-D00D433CA377} = {145DFEE6-3AE4-4822-8141-D8A189C4BA29}
		{DE269272-9D68-4D99-9CEA-7556BEF28308} = {145DFEE6-3AE4-4822-8141-D8A189C4BA29}
		{E4A612E7-4757-4579-A146-3FCC6199AA8E} = {145DFEE6-3AE4-4822-8141-D8A189C4BA29}
		{73DE0F0D-1C00-4F8E-B5AF-EEEE4F75A5C4} = {145DFEE6-3AE4-4822-8141-D8A189C4BA29}
		{D0D609A0-4E75-4C82-9BD1-9C7F01892996} = {145DFEE6-3AE4-4822-8141-D8A189C4BA29}
		{8F7D4B92-0127-4DCB-AFF7-8A874FB59F7D} = {76E2BF73-9882-4B4F-91EB-535F78A87954}
		{F48EDF87-FDB5-40F5-9352-23D18800FFDB} = {76E2BF73-9882-4B4F-91EB-535F78A87954}
		{8007623B-E049-4825-AB2F-5A285E92CFCD} = {76E2BF73-9882-4B4F-91EB-535F78A87954}
		{3B766678-0E81-48EE-8B14-1C55D9E360E3} = {76E2BF73-9882-4B4F-91EB-535F78A87954}
		{4C0907EC-D278-4E7D-8182-1666996CEE09} = {76E2BF73-9882-4B4F-91EB-535F78A87954}
		{01B4E026-F695-4A13-BCF6-D20233C5A222} = {76E2BF73-9882-4B4F-91EB-535F78A87954}
		{3DDCCEBA-7845-4EED-B12A-12731C0BD103} = {76E2BF73-9882-4B4F-91EB-535F78A87954}
		{4C3018B5-71E0-4D07-953A-A7C9F2E44465} = {76E2BF73-9882-4B4F-91EB-535F78A87954}
		{5E8B8956-AEC6-4203-9869-F8A003CCA310} = {76E2BF73-9882-4B4F-91EB-535F78A87954}
		{5B6FF533-5077-4532-A70C-6BDBB72C7922} = {9C347AC7-812B-4F24-9F4E-542AB686D649}
		{C566AD1E-AC23-4006-BC7D-AEEB90285F39} = {9C347AC7-812B-4F24-9F4E-542AB686D649}
		{B6CD7F69-A4E7-49CE-ABC0-DD7B71134B24} = {9C347AC7-812B-4F24-9F4E-542AB686D649}
		{F52E3C54-E974-412D-B247-1D1536337C40} = {9C347AC7-812B-4F24-9F4E-542AB686D649}
		{9D7616E5-D5D9-4EC3-9650-64D93BC9A003} = {A4ED762A-43BF-4E89-A740-AB3E17164F7C}
		{7599B6E1-99BB-4CA6-9D1A-860733B3BF66} = {A4ED762A-43BF-4E89-A740-AB3E17164F7C}
		{D32B481D-9029-426C-AE1F-CB54A4068F66} = {A4ED762A-43BF-4E89-A740-AB3E17164F7C}
		{D666C502-3154-42B0-80C2-7F1860AF5F6C} = {A4ED762A-43BF-4E89-A740-AB3E17164F7C}
		{DEF0095F-E2B0-421F-9DE2-7C04DAAFF384} = {A4ED762A-43BF-4E89-A740-AB3E17164F7C}
		{7207CFF3-8344-4DF5-8BF6-67A7B8FEA048} = {A4ED762A-43BF-4E89-A740-AB3E17164F7C}
		{BBE3EC03-ABF8-49D6-8A6E-B496C3A13922} = {A4ED762A-43BF-4E89-A740-AB3E17164F7C}
		{0B79BBB5-2116-43F3-B20E-BF38E8718662} = {A4ED762A-43BF-4E89-A740-AB3E17164F7C}
		{88075C79-C839-4D82-A253-BA75458971DB} = {A4ED762A-43BF-4E89-A740-AB3E17164F7C}
		{F56B94A9-1193-44B1-BAFE-F46C6B12B3AF} = {A4ED762A-43BF-4E89-A740-AB3E17164F7C}
		{B8E5A386-58D1-46D6-818A-689C2156DB3F} = {A4ED762A-43BF-4E89-A740-AB3E17164F7C}
		{D8B3061A-430A-4F29-932D-60DB945D5C15} = {A4ED762A-43BF-4E89-A740-AB3E17164F7C}
		{B62AD643-2976-45F0-A680-12A0573C9601} = {60A58C5D-1F4E-43BC-9977-9F9A1E8D350E}
		{F4DD4756-A8E0-42C8-A8B5-36C32CF1286B} = {60A58C5D-1F4E-43BC-9977-9F9A1E8D350E}
		{5E9864BF-81DC-4BCE-A69C-C7E29E74DCAC} = {60A58C5D-1F4E-43BC-9977-9F9A1E8D350E}
		{C501BDBE-93F5-4EC4-B425-C30693C44C6B} = {60A58C5D-1F4E-43BC-9977-9F9A1E8D350E}
		{EC2083F8-7F12-4A52-91CD-F9A6059C49A8} = {60A58C5D-1F4E-43BC-9977-9F9A1E8D350E}
		{406596B1-2569-453A-9B1F-2CD709ACCF6E} = {60A58C5D-1F4E-43BC-9977-9F9A1E8D350E}
		{0805AF81-2469-4168-B26B-E1A943FCBA6A} = {60A58C5D-1F4E-43BC-9977-9F9A1E8D350E}
		{C8B33B0B-7205-43EC-AC34-F6AB8FFE178A} = {59EAE9C7-EC66-422B-8BBB-AE1054E7AF0E}
		{34663C64-F58F-47CA-9A07-754D21EB777A} = {59EAE9C7-EC66-422B-8BBB-AE1054E7AF0E}
		{0721FE55-632B-4522-A7E1-553431E6BF0C} = {59EAE9C7-EC66-422B-8BBB-AE1054E7AF0E}
		{F943791D-A95E-4F7C-99B9-7AD3FA185744} = {59EAE9C7-EC66-422B-8BBB-AE1054E7AF0E}
		{C8F3762E-4522-45C4-AE28-169711A5F289} = {59EAE9C7-EC66-422B-8BBB-AE1054E7AF0E}
		{6D52F461-85F4-4FAF-9291-47213F5515D1} = {59EAE9C7-EC66-422B-8BBB-AE1054E7AF0E}
		{4D65EF0B-CBB1-40AC-ABB9-22BF07E29D99} = {59EAE9C7-EC66-422B-8BBB-AE1054E7AF0E}
		{C823CAEE-66F7-4BA8-A62B-F24EC0F275FD} = {59EAE9C7-EC66-422B-8BBB-AE1054E7AF0E}
		{1F59A855-C245-40B2-9209-72C71E517573} = {59EAE9C7-EC66-422B-8BBB-AE1054E7AF0E}
		{4E3832AD-52F7-4266-AA17-A941AD553DE9} = {4E1484A7-E5F4-4FB8-92FD-29B39844C06E}
		{F9449340-9542-4F7B-A50B-41BA1992ECB1} = {4E1484A7-E5F4-4FB8-92FD-29B39844C06E}
		{6D33EF76-968B-40EB-BD6F-92FC93BC8462} = {4E1484A7-E5F4-4FB8-92FD-29B39844C06E}
		{9C4C50D3-B85F-43CB-95D9-A846D1E89D3C} = {4E1484A7-E5F4-4FB8-92FD-29B39844C06E}
		{69AD82DD-FB5F-47DF-A5BA-9133F6D8FFAD} = {E54A0EB1-97DB-44FE-8922-93C04BD3D46E}
		{1238FE08-5911-4D30-A1E9-16A5C3539886} = {E54A0EB1-97DB-44FE-8922-93C04BD3D46E}
		{D29CE17E-AF9E-4124-923B-E340FD574BF9} = {E54A0EB1-97DB-44FE-8922-93C04BD3D46E}
		{E19F66E4-C326-493E-A3C1-C3D040976678} = {E54A0EB1-97DB-44FE-8922-93C04BD3D46E}
	EndGlobalSection
	GlobalSection(ExtensibilityGlobals) = postSolution
		SolutionGuid = {ACF404E0-92BF-48BE-9C61-C919977D735E}
	EndGlobalSection
EndGlobal
