Microsoft Visual Studio Solution File, Format Version 10.00
# Visual Studio 2008
Project("{8BC9CEB8-8B4A-11D0-8D11-00A0C91BC942}") = "cpWFA", "cpWFA.vcproj", "{66CAA76B-B1C8-44F4-B31F-25C0F4C777CA}"
EndProject
Global
	GlobalSection(SolutionConfigurationPlatforms) = preSolution
		Debug|Win32 = Debug|Win32
		Release|Win32 = Release|Win32
	EndGlobalSection
	GlobalSection(ProjectConfigurationPlatforms) = postSolution
		{66CAA76B-B1C8-44F4-B31F-25C0F4C777CA}.Debug|Win32.ActiveCfg = Debug|Win32
		{66CAA76B-B1C8-44F4-B31F-25C0F4C777CA}.Debug|Win32.Build.0 = Debug|Win32
		{66CAA76B-B1C8-44F4-B31F-25C0F4C777CA}.Release|Win32.ActiveCfg = Release|Win32
		{66CAA76B-B1C8-44F4-B31F-25C0F4C777CA}.Release|Win32.Build.0 = Release|Win32
	EndGlobalSection
	GlobalSection(SolutionProperties) = preSolution
		HideSolutionNode = FALSE
	EndGlobalSection
EndGlobal
