Microsoft Visual Studio Solution File, Format Version 10.00
# Visual Studio 2008
Project("{8BC9CEB8-8B4A-11D0-8D11-00A0C91BC942}") = "toupper", "toupper.vcproj", "{B6F1F249-4DD8-45CF-81A2-7DF4B47A88B0}"
EndProject
Global
	GlobalSection(SolutionConfigurationPlatforms) = preSolution
		Debug|Win32 = Debug|Win32
		Release|Win32 = Release|Win32
	EndGlobalSection
	GlobalSection(ProjectConfigurationPlatforms) = postSolution
		{B6F1F249-4DD8-45CF-81A2-7DF4B47A88B0}.Debug|Win32.ActiveCfg = Debug|Win32
		{B6F1F249-4DD8-45CF-81A2-7DF4B47A88B0}.Debug|Win32.Build.0 = Debug|Win32
		{B6F1F249-4DD8-45CF-81A2-7DF4B47A88B0}.Release|Win32.ActiveCfg = Release|Win32
		{B6F1F249-4DD8-45CF-81A2-7DF4B47A88B0}.Release|Win32.Build.0 = Release|Win32
	EndGlobalSection
	GlobalSection(SolutionProperties) = preSolution
		HideSolutionNode = FALSE
	EndGlobalSection
EndGlobal
